// !$*UTF8*$!
{
	archiveVersion = 1;
	classes = {
	};
	objectVersion = 46;
	objects = {

/* Begin PBXBuildFile section */
		036C0FA8183D02AB00C61808 /* Foundation.framework in Frameworks */ = {isa = PBXBuildFile; fileRef = 036C0FA7183D02AB00C61808 /* Foundation.framework */; };
		036C0FAA183D02AB00C61808 /* CoreGraphics.framework in Frameworks */ = {isa = PBXBuildFile; fileRef = 036C0FA9183D02AB00C61808 /* CoreGraphics.framework */; };
		036C0FAC183D02AB00C61808 /* UIKit.framework in Frameworks */ = {isa = PBXBuildFile; fileRef = 036C0FAB183D02AB00C61808 /* UIKit.framework */; };
		036C0FB2183D02AB00C61808 /* InfoPlist.strings in Resources */ = {isa = PBXBuildFile; fileRef = 036C0FB0183D02AB00C61808 /* InfoPlist.strings */; };
		036C0FB4183D02AB00C61808 /* main.m in Sources */ = {isa = PBXBuildFile; fileRef = 036C0FB3183D02AB00C61808 /* main.m */; };
		036C0FB8183D02AB00C61808 /* BLAppDelegate.m in Sources */ = {isa = PBXBuildFile; fileRef = 036C0FB7183D02AB00C61808 /* BLAppDelegate.m */; };
		036C0FBA183D02AB00C61808 /* Images.xcassets in Resources */ = {isa = PBXBuildFile; fileRef = 036C0FB9183D02AB00C61808 /* Images.xcassets */; };
		036C0FC1183D02AB00C61808 /* XCTest.framework in Frameworks */ = {isa = PBXBuildFile; fileRef = 036C0FC0183D02AB00C61808 /* XCTest.framework */; };
		036C0FC2183D02AB00C61808 /* Foundation.framework in Frameworks */ = {isa = PBXBuildFile; fileRef = 036C0FA7183D02AB00C61808 /* Foundation.framework */; };
		036C0FC3183D02AB00C61808 /* UIKit.framework in Frameworks */ = {isa = PBXBuildFile; fileRef = 036C0FAB183D02AB00C61808 /* UIKit.framework */; };
		036C0FCB183D02AB00C61808 /* InfoPlist.strings in Resources */ = {isa = PBXBuildFile; fileRef = 036C0FC9183D02AB00C61808 /* InfoPlist.strings */; };
		036C0FCD183D02AB00C61808 /* BaoLiOATests.m in Sources */ = {isa = PBXBuildFile; fileRef = 036C0FCC183D02AB00C61808 /* BaoLiOATests.m */; };
		036C0FD7183D031200C61808 /* Main.storyboard in Resources */ = {isa = PBXBuildFile; fileRef = 036C0FD6183D031200C61808 /* Main.storyboard */; };
		036C0FED183D05AD00C61808 /* AFHTTPRequestOperation.m in Sources */ = {isa = PBXBuildFile; fileRef = 036C0FDB183D05AD00C61808 /* AFHTTPRequestOperation.m */; };
		036C0FEE183D05AD00C61808 /* AFHTTPRequestOperationManager.m in Sources */ = {isa = PBXBuildFile; fileRef = 036C0FDD183D05AD00C61808 /* AFHTTPRequestOperationManager.m */; };
		036C0FEF183D05AD00C61808 /* AFHTTPSessionManager.m in Sources */ = {isa = PBXBuildFile; fileRef = 036C0FDF183D05AD00C61808 /* AFHTTPSessionManager.m */; };
		036C0FF0183D05AD00C61808 /* AFNetworkReachabilityManager.m in Sources */ = {isa = PBXBuildFile; fileRef = 036C0FE2183D05AD00C61808 /* AFNetworkReachabilityManager.m */; };
		036C0FF1183D05AD00C61808 /* AFSecurityPolicy.m in Sources */ = {isa = PBXBuildFile; fileRef = 036C0FE4183D05AD00C61808 /* AFSecurityPolicy.m */; };
		036C0FF2183D05AD00C61808 /* AFURLConnectionOperation.m in Sources */ = {isa = PBXBuildFile; fileRef = 036C0FE6183D05AD00C61808 /* AFURLConnectionOperation.m */; };
		036C0FF3183D05AD00C61808 /* AFURLRequestSerialization.m in Sources */ = {isa = PBXBuildFile; fileRef = 036C0FE8183D05AD00C61808 /* AFURLRequestSerialization.m */; };
		036C0FF4183D05AD00C61808 /* AFURLResponseSerialization.m in Sources */ = {isa = PBXBuildFile; fileRef = 036C0FEA183D05AD00C61808 /* AFURLResponseSerialization.m */; };
		036C0FF5183D05AD00C61808 /* AFURLSessionManager.m in Sources */ = {isa = PBXBuildFile; fileRef = 036C0FEC183D05AD00C61808 /* AFURLSessionManager.m */; };
/* End PBXBuildFile section */

/* Begin PBXContainerItemProxy section */
		036C0FC4183D02AB00C61808 /* PBXContainerItemProxy */ = {
			isa = PBXContainerItemProxy;
			containerPortal = 036C0F9C183D02AB00C61808 /* Project object */;
			proxyType = 1;
			remoteGlobalIDString = 036C0FA3183D02AB00C61808;
			remoteInfo = BaoLiOA;
		};
/* End PBXContainerItemProxy section */

/* Begin PBXFileReference section */
		036C0FA4183D02AB00C61808 /* BaoLiOA.app */ = {isa = PBXFileReference; explicitFileType = wrapper.application; includeInIndex = 0; path = BaoLiOA.app; sourceTree = BUILT_PRODUCTS_DIR; };
		036C0FA7183D02AB00C61808 /* Foundation.framework */ = {isa = PBXFileReference; lastKnownFileType = wrapper.framework; name = Foundation.framework; path = System/Library/Frameworks/Foundation.framework; sourceTree = SDKROOT; };
		036C0FA9183D02AB00C61808 /* CoreGraphics.framework */ = {isa = PBXFileReference; lastKnownFileType = wrapper.framework; name = CoreGraphics.framework; path = System/Library/Frameworks/CoreGraphics.framework; sourceTree = SDKROOT; };
		036C0FAB183D02AB00C61808 /* UIKit.framework */ = {isa = PBXFileReference; lastKnownFileType = wrapper.framework; name = UIKit.framework; path = System/Library/Frameworks/UIKit.framework; sourceTree = SDKROOT; };
		036C0FAF183D02AB00C61808 /* BaoLiOA-Info.plist */ = {isa = PBXFileReference; lastKnownFileType = text.plist.xml; path = "BaoLiOA-Info.plist"; sourceTree = "<group>"; };
		036C0FB1183D02AB00C61808 /* en */ = {isa = PBXFileReference; lastKnownFileType = text.plist.strings; name = en; path = en.lproj/InfoPlist.strings; sourceTree = "<group>"; };
		036C0FB3183D02AB00C61808 /* main.m */ = {isa = PBXFileReference; lastKnownFileType = sourcecode.c.objc; path = main.m; sourceTree = "<group>"; };
		036C0FB5183D02AB00C61808 /* BaoLiOA-Prefix.pch */ = {isa = PBXFileReference; lastKnownFileType = sourcecode.c.h; path = "BaoLiOA-Prefix.pch"; sourceTree = "<group>"; };
		036C0FB6183D02AB00C61808 /* BLAppDelegate.h */ = {isa = PBXFileReference; lastKnownFileType = sourcecode.c.h; path = BLAppDelegate.h; sourceTree = "<group>"; };
		036C0FB7183D02AB00C61808 /* BLAppDelegate.m */ = {isa = PBXFileReference; lastKnownFileType = sourcecode.c.objc; path = BLAppDelegate.m; sourceTree = "<group>"; };
		036C0FB9183D02AB00C61808 /* Images.xcassets */ = {isa = PBXFileReference; lastKnownFileType = folder.assetcatalog; path = Images.xcassets; sourceTree = "<group>"; };
		036C0FBF183D02AB00C61808 /* BaoLiOATests.xctest */ = {isa = PBXFileReference; explicitFileType = wrapper.cfbundle; includeInIndex = 0; path = BaoLiOATests.xctest; sourceTree = BUILT_PRODUCTS_DIR; };
		036C0FC0183D02AB00C61808 /* XCTest.framework */ = {isa = PBXFileReference; lastKnownFileType = wrapper.framework; name = XCTest.framework; path = Library/Frameworks/XCTest.framework; sourceTree = DEVELOPER_DIR; };
		036C0FC8183D02AB00C61808 /* BaoLiOATests-Info.plist */ = {isa = PBXFileReference; lastKnownFileType = text.plist.xml; path = "BaoLiOATests-Info.plist"; sourceTree = "<group>"; };
		036C0FCA183D02AB00C61808 /* en */ = {isa = PBXFileReference; lastKnownFileType = text.plist.strings; name = en; path = en.lproj/InfoPlist.strings; sourceTree = "<group>"; };
		036C0FCC183D02AB00C61808 /* BaoLiOATests.m */ = {isa = PBXFileReference; lastKnownFileType = sourcecode.c.objc; path = BaoLiOATests.m; sourceTree = "<group>"; };
		036C0FD6183D031200C61808 /* Main.storyboard */ = {isa = PBXFileReference; fileEncoding = 4; lastKnownFileType = file.storyboard; path = Main.storyboard; sourceTree = "<group>"; };
		036C0FDA183D05AD00C61808 /* AFHTTPRequestOperation.h */ = {isa = PBXFileReference; fileEncoding = 4; lastKnownFileType = sourcecode.c.h; path = AFHTTPRequestOperation.h; sourceTree = "<group>"; };
		036C0FDB183D05AD00C61808 /* AFHTTPRequestOperation.m */ = {isa = PBXFileReference; fileEncoding = 4; lastKnownFileType = sourcecode.c.objc; path = AFHTTPRequestOperation.m; sourceTree = "<group>"; };
		036C0FDC183D05AD00C61808 /* AFHTTPRequestOperationManager.h */ = {isa = PBXFileReference; fileEncoding = 4; lastKnownFileType = sourcecode.c.h; path = AFHTTPRequestOperationManager.h; sourceTree = "<group>"; };
		036C0FDD183D05AD00C61808 /* AFHTTPRequestOperationManager.m */ = {isa = PBXFileReference; fileEncoding = 4; lastKnownFileType = sourcecode.c.objc; path = AFHTTPRequestOperationManager.m; sourceTree = "<group>"; };
		036C0FDE183D05AD00C61808 /* AFHTTPSessionManager.h */ = {isa = PBXFileReference; fileEncoding = 4; lastKnownFileType = sourcecode.c.h; path = AFHTTPSessionManager.h; sourceTree = "<group>"; };
		036C0FDF183D05AD00C61808 /* AFHTTPSessionManager.m */ = {isa = PBXFileReference; fileEncoding = 4; lastKnownFileType = sourcecode.c.objc; path = AFHTTPSessionManager.m; sourceTree = "<group>"; };
		036C0FE0183D05AD00C61808 /* AFNetworking.h */ = {isa = PBXFileReference; fileEncoding = 4; lastKnownFileType = sourcecode.c.h; path = AFNetworking.h; sourceTree = "<group>"; };
		036C0FE1183D05AD00C61808 /* AFNetworkReachabilityManager.h */ = {isa = PBXFileReference; fileEncoding = 4; lastKnownFileType = sourcecode.c.h; path = AFNetworkReachabilityManager.h; sourceTree = "<group>"; };
		036C0FE2183D05AD00C61808 /* AFNetworkReachabilityManager.m */ = {isa = PBXFileReference; fileEncoding = 4; lastKnownFileType = sourcecode.c.objc; path = AFNetworkReachabilityManager.m; sourceTree = "<group>"; };
		036C0FE3183D05AD00C61808 /* AFSecurityPolicy.h */ = {isa = PBXFileReference; fileEncoding = 4; lastKnownFileType = sourcecode.c.h; path = AFSecurityPolicy.h; sourceTree = "<group>"; };
		036C0FE4183D05AD00C61808 /* AFSecurityPolicy.m */ = {isa = PBXFileReference; fileEncoding = 4; lastKnownFileType = sourcecode.c.objc; path = AFSecurityPolicy.m; sourceTree = "<group>"; };
		036C0FE5183D05AD00C61808 /* AFURLConnectionOperation.h */ = {isa = PBXFileReference; fileEncoding = 4; lastKnownFileType = sourcecode.c.h; path = AFURLConnectionOperation.h; sourceTree = "<group>"; };
		036C0FE6183D05AD00C61808 /* AFURLConnectionOperation.m */ = {isa = PBXFileReference; fileEncoding = 4; lastKnownFileType = sourcecode.c.objc; path = AFURLConnectionOperation.m; sourceTree = "<group>"; };
		036C0FE7183D05AD00C61808 /* AFURLRequestSerialization.h */ = {isa = PBXFileReference; fileEncoding = 4; lastKnownFileType = sourcecode.c.h; path = AFURLRequestSerialization.h; sourceTree = "<group>"; };
		036C0FE8183D05AD00C61808 /* AFURLRequestSerialization.m */ = {isa = PBXFileReference; fileEncoding = 4; lastKnownFileType = sourcecode.c.objc; path = AFURLRequestSerialization.m; sourceTree = "<group>"; };
		036C0FE9183D05AD00C61808 /* AFURLResponseSerialization.h */ = {isa = PBXFileReference; fileEncoding = 4; lastKnownFileType = sourcecode.c.h; path = AFURLResponseSerialization.h; sourceTree = "<group>"; };
		036C0FEA183D05AD00C61808 /* AFURLResponseSerialization.m */ = {isa = PBXFileReference; fileEncoding = 4; lastKnownFileType = sourcecode.c.objc; path = AFURLResponseSerialization.m; sourceTree = "<group>"; };
		036C0FEB183D05AD00C61808 /* AFURLSessionManager.h */ = {isa = PBXFileReference; fileEncoding = 4; lastKnownFileType = sourcecode.c.h; path = AFURLSessionManager.h; sourceTree = "<group>"; };
		036C0FEC183D05AD00C61808 /* AFURLSessionManager.m */ = {isa = PBXFileReference; fileEncoding = 4; lastKnownFileType = sourcecode.c.objc; path = AFURLSessionManager.m; sourceTree = "<group>"; };
/* End PBXFileReference section */

/* Begin PBXFrameworksBuildPhase section */
		036C0FA1183D02AB00C61808 /* Frameworks */ = {
			isa = PBXFrameworksBuildPhase;
			buildActionMask = 2147483647;
			files = (
				036C0FAA183D02AB00C61808 /* CoreGraphics.framework in Frameworks */,
				036C0FAC183D02AB00C61808 /* UIKit.framework in Frameworks */,
				036C0FA8183D02AB00C61808 /* Foundation.framework in Frameworks */,
			);
			runOnlyForDeploymentPostprocessing = 0;
		};
		036C0FBC183D02AB00C61808 /* Frameworks */ = {
			isa = PBXFrameworksBuildPhase;
			buildActionMask = 2147483647;
			files = (
				036C0FC1183D02AB00C61808 /* XCTest.framework in Frameworks */,
				036C0FC3183D02AB00C61808 /* UIKit.framework in Frameworks */,
				036C0FC2183D02AB00C61808 /* Foundation.framework in Frameworks */,
			);
			runOnlyForDeploymentPostprocessing = 0;
		};
/* End PBXFrameworksBuildPhase section */

/* Begin PBXGroup section */
		036C0F9B183D02AB00C61808 = {
			isa = PBXGroup;
			children = (
				036C0FAD183D02AB00C61808 /* BaoLiOA */,
				036C0FC6183D02AB00C61808 /* BaoLiOATests */,
				036C0FA6183D02AB00C61808 /* Frameworks */,
				036C0FA5183D02AB00C61808 /* Products */,
			);
			sourceTree = "<group>";
		};
		036C0FA5183D02AB00C61808 /* Products */ = {
			isa = PBXGroup;
			children = (
				036C0FA4183D02AB00C61808 /* BaoLiOA.app */,
				036C0FBF183D02AB00C61808 /* BaoLiOATests.xctest */,
			);
			name = Products;
			sourceTree = "<group>";
		};
		036C0FA6183D02AB00C61808 /* Frameworks */ = {
			isa = PBXGroup;
			children = (
				036C0FA7183D02AB00C61808 /* Foundation.framework */,
				036C0FA9183D02AB00C61808 /* CoreGraphics.framework */,
				036C0FAB183D02AB00C61808 /* UIKit.framework */,
				036C0FC0183D02AB00C61808 /* XCTest.framework */,
			);
			name = Frameworks;
			sourceTree = "<group>";
		};
		036C0FAD183D02AB00C61808 /* BaoLiOA */ = {
			isa = PBXGroup;
			children = (
				036C0FD8183D05AD00C61808 /* Lib */,
				036C0FB6183D02AB00C61808 /* BLAppDelegate.h */,
				036C0FB7183D02AB00C61808 /* BLAppDelegate.m */,
				036C0FB9183D02AB00C61808 /* Images.xcassets */,
				036C0FAE183D02AB00C61808 /* Supporting Files */,
				036C0FD6183D031200C61808 /* Main.storyboard */,
			);
			path = BaoLiOA;
			sourceTree = "<group>";
		};
		036C0FAE183D02AB00C61808 /* Supporting Files */ = {
			isa = PBXGroup;
			children = (
				036C0FAF183D02AB00C61808 /* BaoLiOA-Info.plist */,
				036C0FB0183D02AB00C61808 /* InfoPlist.strings */,
				036C0FB3183D02AB00C61808 /* main.m */,
				036C0FB5183D02AB00C61808 /* BaoLiOA-Prefix.pch */,
			);
			name = "Supporting Files";
			sourceTree = "<group>";
		};
		036C0FC6183D02AB00C61808 /* BaoLiOATests */ = {
			isa = PBXGroup;
			children = (
				036C0FCC183D02AB00C61808 /* BaoLiOATests.m */,
				036C0FC7183D02AB00C61808 /* Supporting Files */,
			);
			path = BaoLiOATests;
			sourceTree = "<group>";
		};
		036C0FC7183D02AB00C61808 /* Supporting Files */ = {
			isa = PBXGroup;
			children = (
				036C0FC8183D02AB00C61808 /* BaoLiOATests-Info.plist */,
				036C0FC9183D02AB00C61808 /* InfoPlist.strings */,
			);
			name = "Supporting Files";
			sourceTree = "<group>";
		};
		036C0FD8183D05AD00C61808 /* Lib */ = {
			isa = PBXGroup;
			children = (
				036C0FD9183D05AD00C61808 /* AFNetworking */,
			);
			path = Lib;
			sourceTree = "<group>";
		};
		036C0FD9183D05AD00C61808 /* AFNetworking */ = {
			isa = PBXGroup;
			children = (
				036C0FDA183D05AD00C61808 /* AFHTTPRequestOperation.h */,
				036C0FDB183D05AD00C61808 /* AFHTTPRequestOperation.m */,
				036C0FDC183D05AD00C61808 /* AFHTTPRequestOperationManager.h */,
				036C0FDD183D05AD00C61808 /* AFHTTPRequestOperationManager.m */,
				036C0FDE183D05AD00C61808 /* AFHTTPSessionManager.h */,
				036C0FDF183D05AD00C61808 /* AFHTTPSessionManager.m */,
				036C0FE0183D05AD00C61808 /* AFNetworking.h */,
				036C0FE1183D05AD00C61808 /* AFNetworkReachabilityManager.h */,
				036C0FE2183D05AD00C61808 /* AFNetworkReachabilityManager.m */,
				036C0FE3183D05AD00C61808 /* AFSecurityPolicy.h */,
				036C0FE4183D05AD00C61808 /* AFSecurityPolicy.m */,
				036C0FE5183D05AD00C61808 /* AFURLConnectionOperation.h */,
				036C0FE6183D05AD00C61808 /* AFURLConnectionOperation.m */,
				036C0FE7183D05AD00C61808 /* AFURLRequestSerialization.h */,
				036C0FE8183D05AD00C61808 /* AFURLRequestSerialization.m */,
				036C0FE9183D05AD00C61808 /* AFURLResponseSerialization.h */,
				036C0FEA183D05AD00C61808 /* AFURLResponseSerialization.m */,
				036C0FEB183D05AD00C61808 /* AFURLSessionManager.h */,
				036C0FEC183D05AD00C61808 /* AFURLSessionManager.m */,
			);
			path = AFNetworking;
			sourceTree = "<group>";
		};
/* End PBXGroup section */

/* Begin PBXNativeTarget section */
		036C0FA3183D02AB00C61808 /* BaoLiOA */ = {
			isa = PBXNativeTarget;
			buildConfigurationList = 036C0FD0183D02AB00C61808 /* Build configuration list for PBXNativeTarget "BaoLiOA" */;
			buildPhases = (
				036C0FA0183D02AB00C61808 /* Sources */,
				036C0FA1183D02AB00C61808 /* Frameworks */,
				036C0FA2183D02AB00C61808 /* Resources */,
			);
			buildRules = (
			);
			dependencies = (
			);
			name = BaoLiOA;
			productName = BaoLiOA;
			productReference = 036C0FA4183D02AB00C61808 /* BaoLiOA.app */;
			productType = "com.apple.product-type.application";
		};
		036C0FBE183D02AB00C61808 /* BaoLiOATests */ = {
			isa = PBXNativeTarget;
			buildConfigurationList = 036C0FD3183D02AB00C61808 /* Build configuration list for PBXNativeTarget "BaoLiOATests" */;
			buildPhases = (
				036C0FBB183D02AB00C61808 /* Sources */,
				036C0FBC183D02AB00C61808 /* Frameworks */,
				036C0FBD183D02AB00C61808 /* Resources */,
			);
			buildRules = (
			);
			dependencies = (
				036C0FC5183D02AB00C61808 /* PBXTargetDependency */,
			);
			name = BaoLiOATests;
			productName = BaoLiOATests;
			productReference = 036C0FBF183D02AB00C61808 /* BaoLiOATests.xctest */;
			productType = "com.apple.product-type.bundle.unit-test";
		};
/* End PBXNativeTarget section */

/* Begin PBXProject section */
		036C0F9C183D02AB00C61808 /* Project object */ = {
			isa = PBXProject;
			attributes = {
				CLASSPREFIX = BL;
				LastUpgradeCheck = 0500;
				ORGANIZATIONNAME = "Liu Feng";
				TargetAttributes = {
					036C0FBE183D02AB00C61808 = {
						TestTargetID = 036C0FA3183D02AB00C61808;
					};
				};
			};
			buildConfigurationList = 036C0F9F183D02AB00C61808 /* Build configuration list for PBXProject "BaoLiOA" */;
			compatibilityVersion = "Xcode 3.2";
			developmentRegion = English;
			hasScannedForEncodings = 0;
			knownRegions = (
				en,
			);
			mainGroup = 036C0F9B183D02AB00C61808;
			productRefGroup = 036C0FA5183D02AB00C61808 /* Products */;
			projectDirPath = "";
			projectRoot = "";
			targets = (
				036C0FA3183D02AB00C61808 /* BaoLiOA */,
				036C0FBE183D02AB00C61808 /* BaoLiOATests */,
			);
		};
/* End PBXProject section */

/* Begin PBXResourcesBuildPhase section */
		036C0FA2183D02AB00C61808 /* Resources */ = {
			isa = PBXResourcesBuildPhase;
			buildActionMask = 2147483647;
			files = (
				036C0FD7183D031200C61808 /* Main.storyboard in Resources */,
				036C0FB2183D02AB00C61808 /* InfoPlist.strings in Resources */,
				036C0FBA183D02AB00C61808 /* Images.xcassets in Resources */,
			);
			runOnlyForDeploymentPostprocessing = 0;
		};
		036C0FBD183D02AB00C61808 /* Resources */ = {
			isa = PBXResourcesBuildPhase;
			buildActionMask = 2147483647;
			files = (
				036C0FCB183D02AB00C61808 /* InfoPlist.strings in Resources */,
			);
			runOnlyForDeploymentPostprocessing = 0;
		};
/* End PBXResourcesBuildPhase section */

/* Begin PBXSourcesBuildPhase section */
		036C0FA0183D02AB00C61808 /* Sources */ = {
			isa = PBXSourcesBuildPhase;
			buildActionMask = 2147483647;
			files = (
				036C0FF3183D05AD00C61808 /* AFURLRequestSerialization.m in Sources */,
				036C0FF2183D05AD00C61808 /* AFURLConnectionOperation.m in Sources */,
				036C0FF1183D05AD00C61808 /* AFSecurityPolicy.m in Sources */,
				036C0FED183D05AD00C61808 /* AFHTTPRequestOperation.m in Sources */,
				036C0FF5183D05AD00C61808 /* AFURLSessionManager.m in Sources */,
				036C0FF4183D05AD00C61808 /* AFURLResponseSerialization.m in Sources */,
				036C0FB8183D02AB00C61808 /* BLAppDelegate.m in Sources */,
				036C0FEF183D05AD00C61808 /* AFHTTPSessionManager.m in Sources */,
				036C0FEE183D05AD00C61808 /* AFHTTPRequestOperationManager.m in Sources */,
				036C0FF0183D05AD00C61808 /* AFNetworkReachabilityManager.m in Sources */,
				036C0FB4183D02AB00C61808 /* main.m in Sources */,
			);
			runOnlyForDeploymentPostprocessing = 0;
		};
		036C0FBB183D02AB00C61808 /* Sources */ = {
			isa = PBXSourcesBuildPhase;
			buildActionMask = 2147483647;
			files = (
				036C0FCD183D02AB00C61808 /* BaoLiOATests.m in Sources */,
			);
			runOnlyForDeploymentPostprocessing = 0;
		};
/* End PBXSourcesBuildPhase section */

/* Begin PBXTargetDependency section */
		036C0FC5183D02AB00C61808 /* PBXTargetDependency */ = {
			isa = PBXTargetDependency;
			target = 036C0FA3183D02AB00C61808 /* BaoLiOA */;
			targetProxy = 036C0FC4183D02AB00C61808 /* PBXContainerItemProxy */;
		};
/* End PBXTargetDependency section */

/* Begin PBXVariantGroup section */
		036C0FB0183D02AB00C61808 /* InfoPlist.strings */ = {
			isa = PBXVariantGroup;
			children = (
				036C0FB1183D02AB00C61808 /* en */,
			);
			name = InfoPlist.strings;
			sourceTree = "<group>";
		};
		036C0FC9183D02AB00C61808 /* InfoPlist.strings */ = {
			isa = PBXVariantGroup;
			children = (
				036C0FCA183D02AB00C61808 /* en */,
			);
			name = InfoPlist.strings;
			sourceTree = "<group>";
		};
/* End PBXVariantGroup section */

/* Begin XCBuildConfiguration section */
		036C0FCE183D02AB00C61808 /* Debug */ = {
			isa = XCBuildConfiguration;
			buildSettings = {
				ALWAYS_SEARCH_USER_PATHS = NO;
				ARCHS = "$(ARCHS_STANDARD_INCLUDING_64_BIT)";
				CLANG_CXX_LANGUAGE_STANDARD = "gnu++0x";
				CLANG_CXX_LIBRARY = "libc++";
				CLANG_ENABLE_MODULES = YES;
				CLANG_ENABLE_OBJC_ARC = YES;
				CLANG_WARN_BOOL_CONVERSION = YES;
				CLANG_WARN_CONSTANT_CONVERSION = YES;
				CLANG_WARN_DIRECT_OBJC_ISA_USAGE = YES_ERROR;
				CLANG_WARN_EMPTY_BODY = YES;
				CLANG_WARN_ENUM_CONVERSION = YES;
				CLANG_WARN_INT_CONVERSION = YES;
				CLANG_WARN_OBJC_ROOT_CLASS = YES_ERROR;
				CLANG_WARN__DUPLICATE_METHOD_MATCH = YES;
				"CODE_SIGN_IDENTITY[sdk=iphoneos*]" = "iPhone Developer";
				COPY_PHASE_STRIP = NO;
				GCC_C_LANGUAGE_STANDARD = gnu99;
				GCC_DYNAMIC_NO_PIC = NO;
				GCC_OPTIMIZATION_LEVEL = 0;
				GCC_PREPROCESSOR_DEFINITIONS = (
					"DEBUG=1",
					"$(inherited)",
				);
				GCC_SYMBOLS_PRIVATE_EXTERN = NO;
				GCC_WARN_64_TO_32_BIT_CONVERSION = YES;
				GCC_WARN_ABOUT_RETURN_TYPE = YES_ERROR;
				GCC_WARN_UNDECLARED_SELECTOR = YES;
				GCC_WARN_UNINITIALIZED_AUTOS = YES;
				GCC_WARN_UNUSED_FUNCTION = YES;
				GCC_WARN_UNUSED_VARIABLE = YES;
				IPHONEOS_DEPLOYMENT_TARGET = 7.0;
				ONLY_ACTIVE_ARCH = YES;
				SDKROOT = iphoneos;
				TARGETED_DEVICE_FAMILY = 2;
			};
			name = Debug;
		};
		036C0FCF183D02AB00C61808 /* Release */ = {
			isa = XCBuildConfiguration;
			buildSettings = {
				ALWAYS_SEARCH_USER_PATHS = NO;
				ARCHS = "$(ARCHS_STANDARD_INCLUDING_64_BIT)";
				CLANG_CXX_LANGUAGE_STANDARD = "gnu++0x";
				CLANG_CXX_LIBRARY = "libc++";
				CLANG_ENABLE_MODULES = YES;
				CLANG_ENABLE_OBJC_ARC = YES;
				CLANG_WARN_BOOL_CONVERSION = YES;
				CLANG_WARN_CONSTANT_CONVERSION = YES;
				CLANG_WARN_DIRECT_OBJC_ISA_USAGE = YES_ERROR;
				CLANG_WARN_EMPTY_BODY = YES;
				CLANG_WARN_ENUM_CONVERSION = YES;
				CLANG_WARN_INT_CONVERSION = YES;
				CLANG_WARN_OBJC_ROOT_CLASS = YES_ERROR;
				CLANG_WARN__DUPLICATE_METHOD_MATCH = YES;
				"CODE_SIGN_IDENTITY[sdk=iphoneos*]" = "iPhone Developer";
				COPY_PHASE_STRIP = YES;
				ENABLE_NS_ASSERTIONS = NO;
				GCC_C_LANGUAGE_STANDARD = gnu99;
				GCC_WARN_64_TO_32_BIT_CONVERSION = YES;
				GCC_WARN_ABOUT_RETURN_TYPE = YES_ERROR;
				GCC_WARN_UNDECLARED_SELECTOR = YES;
				GCC_WARN_UNINITIALIZED_AUTOS = YES;
				GCC_WARN_UNUSED_FUNCTION = YES;
				GCC_WARN_UNUSED_VARIABLE = YES;
				IPHONEOS_DEPLOYMENT_TARGET = 7.0;
				SDKROOT = iphoneos;
				TARGETED_DEVICE_FAMILY = 2;
				VALIDATE_PRODUCT = YES;
			};
			name = Release;
		};
		036C0FD1183D02AB00C61808 /* Debug */ = {
			isa = XCBuildConfiguration;
			buildSettings = {
				ASSETCATALOG_COMPILER_APPICON_NAME = AppIcon;
				ASSETCATALOG_COMPILER_LAUNCHIMAGE_NAME = LaunchImage;
				GCC_PRECOMPILE_PREFIX_HEADER = YES;
				GCC_PREFIX_HEADER = "BaoLiOA/BaoLiOA-Prefix.pch";
				INFOPLIST_FILE = "BaoLiOA/BaoLiOA-Info.plist";
				PRODUCT_NAME = "$(TARGET_NAME)";
				WRAPPER_EXTENSION = app;
			};
			name = Debug;
		};
		036C0FD2183D02AB00C61808 /* Release */ = {
			isa = XCBuildConfiguration;
			buildSettings = {
				ASSETCATALOG_COMPILER_APPICON_NAME = AppIcon;
				ASSETCATALOG_COMPILER_LAUNCHIMAGE_NAME = LaunchImage;
				GCC_PRECOMPILE_PREFIX_HEADER = YES;
				GCC_PREFIX_HEADER = "BaoLiOA/BaoLiOA-Prefix.pch";
				INFOPLIST_FILE = "BaoLiOA/BaoLiOA-Info.plist";
				PRODUCT_NAME = "$(TARGET_NAME)";
				WRAPPER_EXTENSION = app;
			};
			name = Release;
		};
		036C0FD4183D02AB00C61808 /* Debug */ = {
			isa = XCBuildConfiguration;
			buildSettings = {
				ARCHS = "$(ARCHS_STANDARD_INCLUDING_64_BIT)";
				BUNDLE_LOADER = "$(BUILT_PRODUCTS_DIR)/BaoLiOA.app/BaoLiOA";
				FRAMEWORK_SEARCH_PATHS = (
					"$(SDKROOT)/Developer/Library/Frameworks",
					"$(inherited)",
					"$(DEVELOPER_FRAMEWORKS_DIR)",
				);
				GCC_PRECOMPILE_PREFIX_HEADER = YES;
				GCC_PREFIX_HEADER = "BaoLiOA/BaoLiOA-Prefix.pch";
				GCC_PREPROCESSOR_DEFINITIONS = (
					"DEBUG=1",
					"$(inherited)",
				);
				INFOPLIST_FILE = "BaoLiOATests/BaoLiOATests-Info.plist";
				PRODUCT_NAME = "$(TARGET_NAME)";
				TEST_HOST = "$(BUNDLE_LOADER)";
				WRAPPER_EXTENSION = xctest;
			};
			name = Debug;
		};
		036C0FD5183D02AB00C61808 /* Release */ = {
			isa = XCBuildConfiguration;
			buildSettings = {
				ARCHS = "$(ARCHS_STANDARD_INCLUDING_64_BIT)";
				BUNDLE_LOADER = "$(BUILT_PRODUCTS_DIR)/BaoLiOA.app/BaoLiOA";
				FRAMEWORK_SEARCH_PATHS = (
					"$(SDKROOT)/Developer/Library/Frameworks",
					"$(inherited)",
					"$(DEVELOPER_FRAMEWORKS_DIR)",
				);
				GCC_PRECOMPILE_PREFIX_HEADER = YES;
				GCC_PREFIX_HEADER = "BaoLiOA/BaoLiOA-Prefix.pch";
				INFOPLIST_FILE = "BaoLiOATests/BaoLiOATests-Info.plist";
				PRODUCT_NAME = "$(TARGET_NAME)";
				TEST_HOST = "$(BUNDLE_LOADER)";
				WRAPPER_EXTENSION = xctest;
			};
			name = Release;
		};
/* End XCBuildConfiguration section */

/* Begin XCConfigurationList section */
		036C0F9F183D02AB00C61808 /* Build configuration list for PBXProject "BaoLiOA" */ = {
			isa = XCConfigurationList;
			buildConfigurations = (
				036C0FCE183D02AB00C61808 /* Debug */,
				036C0FCF183D02AB00C61808 /* Release */,
			);
			defaultConfigurationIsVisible = 0;
			defaultConfigurationName = Release;
		};
		036C0FD0183D02AB00C61808 /* Build configuration list for PBXNativeTarget "BaoLiOA" */ = {
			isa = XCConfigurationList;
			buildConfigurations = (
				036C0FD1183D02AB00C61808 /* Debug */,
				036C0FD2183D02AB00C61808 /* Release */,
			);
			defaultConfigurationIsVisible = 0;
			defaultConfigurationName = Release;
		};
		036C0FD3183D02AB00C61808 /* Build configuration list for PBXNativeTarget "BaoLiOATests" */ = {
			isa = XCConfigurationList;
			buildConfigurations = (
				036C0FD4183D02AB00C61808 /* Debug */,
				036C0FD5183D02AB00C61808 /* Release */,
			);
			defaultConfigurationIsVisible = 0;
			defaultConfigurationName = Release;
		};
/* End XCConfigurationList section */
	};
	rootObject = 036C0F9C183D02AB00C61808 /* Project object */;
}
