// !$*UTF8*$!
{
	archiveVersion = 1;
	classes = {
	};
	objectVersion = 46;
	objects = {

/* Begin PBXBuildFile section */
		0303D4711869DD5D00184EED /* BLSegmentMatterListViewController.m in Sources */ = {isa = PBXBuildFile; fileRef = 0303D4701869DD5D00184EED /* BLSegmentMatterListViewController.m */; };
		030CD00C1841B91B005A9B58 /* BLSplitViewControllerManager.m in Sources */ = {isa = PBXBuildFile; fileRef = 030CD00B1841B91B005A9B58 /* BLSplitViewControllerManager.m */; };
		030D3C621849B0A000E844EA /* BLLoginViewController.m in Sources */ = {isa = PBXBuildFile; fileRef = 030D3C611849B0A000E844EA /* BLLoginViewController.m */; };
		030D3C651849B2F000E844EA /* BLUserService.m in Sources */ = {isa = PBXBuildFile; fileRef = 030D3C641849B2F000E844EA /* BLUserService.m */; };
		030D3C681849B30A00E844EA /* BLUserHTTPLogic.m in Sources */ = {isa = PBXBuildFile; fileRef = 030D3C671849B30A00E844EA /* BLUserHTTPLogic.m */; };
		030D3C6B1849DE7700E844EA /* BLAppSettingsViewController.m in Sources */ = {isa = PBXBuildFile; fileRef = 030D3C6A1849DE7700E844EA /* BLAppSettingsViewController.m */; };
		0323EAD51851E2EA00752172 /* BLAttachEntity.m in Sources */ = {isa = PBXBuildFile; fileRef = 0323EAD41851E2EA00752172 /* BLAttachEntity.m */; };
		03281655187EDF8500C0FDB7 /* logo_m_32@2x.png in Resources */ = {isa = PBXBuildFile; fileRef = 03281654187EDF8500C0FDB7 /* logo_m_32@2x.png */; };
		03281658187EE9A800C0FDB7 /* BLContextEntity.m in Sources */ = {isa = PBXBuildFile; fileRef = 03281657187EE9A800C0FDB7 /* BLContextEntity.m */; };
		033EA7F3184E1A5D009E29C7 /* RXMLElement.m in Sources */ = {isa = PBXBuildFile; fileRef = 033EA7F2184E1A5D009E29C7 /* RXMLElement.m */; };
		033EA7F5184E2E15009E29C7 /* libz.dylib in Frameworks */ = {isa = PBXBuildFile; fileRef = 033EA7F4184E2E15009E29C7 /* libz.dylib */; };
		033EA7F7184E2E1D009E29C7 /* libxml2.dylib in Frameworks */ = {isa = PBXBuildFile; fileRef = 033EA7F6184E2E1D009E29C7 /* libxml2.dylib */; };
		0341733C185A1637003597D4 /* BLMatterOperationHTTPLogic.m in Sources */ = {isa = PBXBuildFile; fileRef = 0341733B185A1637003597D4 /* BLMatterOperationHTTPLogic.m */; };
		03588FDA183E4A780067F5D0 /* BLBaseMatterListViewController.m in Sources */ = {isa = PBXBuildFile; fileRef = 03588FD9183E4A780067F5D0 /* BLBaseMatterListViewController.m */; };
		03588FDE183E4AED0067F5D0 /* BLBaseMatterCell.m in Sources */ = {isa = PBXBuildFile; fileRef = 03588FDD183E4AED0067F5D0 /* BLBaseMatterCell.m */; };
		03588FE1183E4B620067F5D0 /* BLMatterInfoService.m in Sources */ = {isa = PBXBuildFile; fileRef = 03588FE0183E4B620067F5D0 /* BLMatterInfoService.m */; };
		03588FE4183E4B830067F5D0 /* BLMatterInfoHTTPLogic.m in Sources */ = {isa = PBXBuildFile; fileRef = 03588FE3183E4B830067F5D0 /* BLMatterInfoHTTPLogic.m */; };
		03588FE7183E4F7B0067F5D0 /* BLMatterEntity.m in Sources */ = {isa = PBXBuildFile; fileRef = 03588FE6183E4F7B0067F5D0 /* BLMatterEntity.m */; };
		035C2D381843AA660090E5BA /* BLMainBodyViewController.m in Sources */ = {isa = PBXBuildFile; fileRef = 035C2D371843AA660090E5BA /* BLMainBodyViewController.m */; };
		0360E5E018756907007CC623 /* bg_login@2x.png in Resources */ = {isa = PBXBuildFile; fileRef = 0360E5DF18756907007CC623 /* bg_login@2x.png */; };
		0361DE18184F7EF700D33CE6 /* BLFromFieldItemEntity.m in Sources */ = {isa = PBXBuildFile; fileRef = 0361DE17184F7EF700D33CE6 /* BLFromFieldItemEntity.m */; };
		036C0FA8183D02AB00C61808 /* Foundation.framework in Frameworks */ = {isa = PBXBuildFile; fileRef = 036C0FA7183D02AB00C61808 /* Foundation.framework */; };
		036C0FAA183D02AB00C61808 /* CoreGraphics.framework in Frameworks */ = {isa = PBXBuildFile; fileRef = 036C0FA9183D02AB00C61808 /* CoreGraphics.framework */; };
		036C0FAC183D02AB00C61808 /* UIKit.framework in Frameworks */ = {isa = PBXBuildFile; fileRef = 036C0FAB183D02AB00C61808 /* UIKit.framework */; };
		036C0FB2183D02AB00C61808 /* InfoPlist.strings in Resources */ = {isa = PBXBuildFile; fileRef = 036C0FB0183D02AB00C61808 /* InfoPlist.strings */; };
		036C0FB4183D02AB00C61808 /* main.m in Sources */ = {isa = PBXBuildFile; fileRef = 036C0FB3183D02AB00C61808 /* main.m */; };
		036C0FB8183D02AB00C61808 /* BLAppDelegate.m in Sources */ = {isa = PBXBuildFile; fileRef = 036C0FB7183D02AB00C61808 /* BLAppDelegate.m */; };
		036C0FBA183D02AB00C61808 /* Images.xcassets in Resources */ = {isa = PBXBuildFile; fileRef = 036C0FB9183D02AB00C61808 /* Images.xcassets */; };
		036C0FC1183D02AB00C61808 /* XCTest.framework in Frameworks */ = {isa = PBXBuildFile; fileRef = 036C0FC0183D02AB00C61808 /* XCTest.framework */; };
		036C0FC2183D02AB00C61808 /* Foundation.framework in Frameworks */ = {isa = PBXBuildFile; fileRef = 036C0FA7183D02AB00C61808 /* Foundation.framework */; };
		036C0FC3183D02AB00C61808 /* UIKit.framework in Frameworks */ = {isa = PBXBuildFile; fileRef = 036C0FAB183D02AB00C61808 /* UIKit.framework */; };
		036C0FCB183D02AB00C61808 /* InfoPlist.strings in Resources */ = {isa = PBXBuildFile; fileRef = 036C0FC9183D02AB00C61808 /* InfoPlist.strings */; };
		036C0FCD183D02AB00C61808 /* BaoLiOATests.m in Sources */ = {isa = PBXBuildFile; fileRef = 036C0FCC183D02AB00C61808 /* BaoLiOATests.m */; };
		036C0FD7183D031200C61808 /* Main.storyboard in Resources */ = {isa = PBXBuildFile; fileRef = 036C0FD6183D031200C61808 /* Main.storyboard */; };
		036C0FED183D05AD00C61808 /* AFHTTPRequestOperation.m in Sources */ = {isa = PBXBuildFile; fileRef = 036C0FDB183D05AD00C61808 /* AFHTTPRequestOperation.m */; };
		036C0FEE183D05AD00C61808 /* AFHTTPRequestOperationManager.m in Sources */ = {isa = PBXBuildFile; fileRef = 036C0FDD183D05AD00C61808 /* AFHTTPRequestOperationManager.m */; };
		036C0FEF183D05AD00C61808 /* AFHTTPSessionManager.m in Sources */ = {isa = PBXBuildFile; fileRef = 036C0FDF183D05AD00C61808 /* AFHTTPSessionManager.m */; };
		036C0FF0183D05AD00C61808 /* AFNetworkReachabilityManager.m in Sources */ = {isa = PBXBuildFile; fileRef = 036C0FE2183D05AD00C61808 /* AFNetworkReachabilityManager.m */; };
		036C0FF1183D05AD00C61808 /* AFSecurityPolicy.m in Sources */ = {isa = PBXBuildFile; fileRef = 036C0FE4183D05AD00C61808 /* AFSecurityPolicy.m */; };
		036C0FF2183D05AD00C61808 /* AFURLConnectionOperation.m in Sources */ = {isa = PBXBuildFile; fileRef = 036C0FE6183D05AD00C61808 /* AFURLConnectionOperation.m */; };
		036C0FF3183D05AD00C61808 /* AFURLRequestSerialization.m in Sources */ = {isa = PBXBuildFile; fileRef = 036C0FE8183D05AD00C61808 /* AFURLRequestSerialization.m */; };
		036C0FF4183D05AD00C61808 /* AFURLResponseSerialization.m in Sources */ = {isa = PBXBuildFile; fileRef = 036C0FEA183D05AD00C61808 /* AFURLResponseSerialization.m */; };
		036C0FF5183D05AD00C61808 /* AFURLSessionManager.m in Sources */ = {isa = PBXBuildFile; fileRef = 036C0FEC183D05AD00C61808 /* AFURLSessionManager.m */; };
		036DEC5B18769A2300817F80 /* OTHER@2x.png in Resources */ = {isa = PBXBuildFile; fileRef = 036DEC5618769A2300817F80 /* OTHER@2x.png */; };
		036DEC5C18769A2300817F80 /* P@2x.png in Resources */ = {isa = PBXBuildFile; fileRef = 036DEC5718769A2300817F80 /* P@2x.png */; };
		036DEC5D18769A2300817F80 /* PDF@2x.png in Resources */ = {isa = PBXBuildFile; fileRef = 036DEC5818769A2300817F80 /* PDF@2x.png */; };
		036DEC5E18769A2300817F80 /* S@2x.png in Resources */ = {isa = PBXBuildFile; fileRef = 036DEC5918769A2300817F80 /* S@2x.png */; };
		036DEC5F18769A2300817F80 /* W@2x.png in Resources */ = {isa = PBXBuildFile; fileRef = 036DEC5A18769A2300817F80 /* W@2x.png */; };
		0381BC5518478BDF00DB661D /* BLCommonOpinionViewController.m in Sources */ = {isa = PBXBuildFile; fileRef = 0381BC5418478BDF00DB661D /* BLCommonOpinionViewController.m */; };
		0381BC581847985400DB661D /* BLManageFollowViewController.m in Sources */ = {isa = PBXBuildFile; fileRef = 0381BC571847985400DB661D /* BLManageFollowViewController.m */; };
		03844F97186456610028BF80 /* BLAttachManageService.m in Sources */ = {isa = PBXBuildFile; fileRef = 03844F96186456610028BF80 /* BLAttachManageService.m */; };
		038C8EFF186D2DA4007B1B2E /* BLSettingViewController.m in Sources */ = {isa = PBXBuildFile; fileRef = 038C8EFE186D2DA4007B1B2E /* BLSettingViewController.m */; };
		038C8F07186D38E8007B1B2E /* BLCommonOpinionListViewController.m in Sources */ = {isa = PBXBuildFile; fileRef = 038C8F06186D38E8007B1B2E /* BLCommonOpinionListViewController.m */; };
		038C8F0A186D3D96007B1B2E /* BLAddOpinionViewController.m in Sources */ = {isa = PBXBuildFile; fileRef = 038C8F09186D3D96007B1B2E /* BLAddOpinionViewController.m */; };
		0390A01A1855BC6B00EEEEBB /* BLAttachPreviewViewController.m in Sources */ = {isa = PBXBuildFile; fileRef = 0390A0191855BC6B00EEEEBB /* BLAttachPreviewViewController.m */; };
		039155FD1861F24800BBFCB2 /* BLMatterFlowEntity.m in Sources */ = {isa = PBXBuildFile; fileRef = 039155FC1861F24800BBFCB2 /* BLMatterFlowEntity.m */; };
		039156041861F6B900BBFCB2 /* BLMatterFlowCell.m in Sources */ = {isa = PBXBuildFile; fileRef = 039156031861F6B900BBFCB2 /* BLMatterFlowCell.m */; };
		0398DCC518684D3D00980CE4 /* UIViewController+GViewController.m in Sources */ = {isa = PBXBuildFile; fileRef = 0398DCC418684D3D00980CE4 /* UIViewController+GViewController.m */; };
		0398DCCD18684DBF00980CE4 /* MBProgressHUD.m in Sources */ = {isa = PBXBuildFile; fileRef = 0398DCCC18684DBF00980CE4 /* MBProgressHUD.m */; };
		039BF60C185E077F00985B17 /* CHANGELOG.md in Resources */ = {isa = PBXBuildFile; fileRef = 039BF5DB185E077E00985B17 /* CHANGELOG.md */; };
		039BF60D185E077F00985B17 /* Doxyfile in Resources */ = {isa = PBXBuildFile; fileRef = 039BF5DC185E077E00985B17 /* Doxyfile */; };
		039BF60E185E077F00985B17 /* LICENSE in Resources */ = {isa = PBXBuildFile; fileRef = 039BF5DD185E077E00985B17 /* LICENSE */; };
		039BF60F185E077F00985B17 /* ChangeLogUnzip in Resources */ = {isa = PBXBuildFile; fileRef = 039BF5DF185E077E00985B17 /* ChangeLogUnzip */; };
		039BF610185E077F00985B17 /* ioapi.c in Sources */ = {isa = PBXBuildFile; fileRef = 039BF5E1185E077E00985B17 /* ioapi.c */; };
		039BF611185E077F00985B17 /* make_vms.com in Resources */ = {isa = PBXBuildFile; fileRef = 039BF5E3185E077E00985B17 /* make_vms.com */; };
		039BF612185E077F00985B17 /* Makefile in Sources */ = {isa = PBXBuildFile; fileRef = 039BF5E4185E077E00985B17 /* Makefile */; };
		039BF615185E077F00985B17 /* MiniZip64_Changes.txt in Resources */ = {isa = PBXBuildFile; fileRef = 039BF5E7185E077E00985B17 /* MiniZip64_Changes.txt */; };
		039BF616185E077F00985B17 /* MiniZip64_info.txt in Resources */ = {isa = PBXBuildFile; fileRef = 039BF5E8185E077E00985B17 /* MiniZip64_info.txt */; };
		039BF617185E077F00985B17 /* mztools.c in Sources */ = {isa = PBXBuildFile; fileRef = 039BF5E9185E077E00985B17 /* mztools.c */; };
		039BF618185E077F00985B17 /* unzip.c in Sources */ = {isa = PBXBuildFile; fileRef = 039BF5EB185E077E00985B17 /* unzip.c */; };
		039BF619185E077F00985B17 /* zip.c in Sources */ = {isa = PBXBuildFile; fileRef = 039BF5ED185E077E00985B17 /* zip.c */; };
		039BF61A185E077F00985B17 /* README.md in Resources */ = {isa = PBXBuildFile; fileRef = 039BF5EF185E077E00985B17 /* README.md */; };
		039BF61B185E077F00985B17 /* InfoPlist.strings in Resources */ = {isa = PBXBuildFile; fileRef = 039BF5F2185E077F00985B17 /* InfoPlist.strings */; };
		039BF61C185E077F00985B17 /* V3.png in Resources */ = {isa = PBXBuildFile; fileRef = 039BF5F5185E077F00985B17 /* V3.png */; };
		039BF61D185E077F00985B17 /* V3.xml in Resources */ = {isa = PBXBuildFile; fileRef = 039BF5F6185E077F00985B17 /* V3.xml */; };
		039BF61E185E077F00985B17 /* tests-Info.plist in Resources */ = {isa = PBXBuildFile; fileRef = 039BF5F7185E077F00985B17 /* tests-Info.plist */; };
		039BF620185E077F00985B17 /* InfoPlist.strings in Resources */ = {isa = PBXBuildFile; fileRef = 039BF5FC185E077F00985B17 /* InfoPlist.strings */; };
		039BF621185E077F00985B17 /* ZipArchive ios Tests-Info.plist in Resources */ = {isa = PBXBuildFile; fileRef = 039BF5FE185E077F00985B17 /* ZipArchive ios Tests-Info.plist */; };
		039BF622185E077F00985B17 /* InfoPlist.strings in Resources */ = {isa = PBXBuildFile; fileRef = 039BF601185E077F00985B17 /* InfoPlist.strings */; };
		039BF623185E077F00985B17 /* ZipArchive mac Tests-Info.plist in Resources */ = {isa = PBXBuildFile; fileRef = 039BF603185E077F00985B17 /* ZipArchive mac Tests-Info.plist */; };
		039BF624185E077F00985B17 /* ZipArchive.m in Sources */ = {isa = PBXBuildFile; fileRef = 039BF60A185E077F00985B17 /* ZipArchive.m */; settings = {COMPILER_FLAGS = "-fno-objc-arc"; }; };
		039BF625185E077F00985B17 /* ZipArchive.podspec in Resources */ = {isa = PBXBuildFile; fileRef = 039BF60B185E077F00985B17 /* ZipArchive.podspec */; };
		039BF635185E080A00985B17 /* libZipArchive-ios.a in Frameworks */ = {isa = PBXBuildFile; fileRef = 039BF62C185E077F00985B17 /* libZipArchive-ios.a */; };
		03A85B79187C571A00DD43FD /* bg_login_s@2x.png in Resources */ = {isa = PBXBuildFile; fileRef = 03A85B78187C571A00DD43FD /* bg_login_s@2x.png */; };
		03A85B7F187C583F00DD43FD /* logo_80@2x.png in Resources */ = {isa = PBXBuildFile; fileRef = 03A85B7E187C583F00DD43FD /* logo_80@2x.png */; };
		03B0E0AE186995CF007B2C8E /* NSArray+GArray.m in Sources */ = {isa = PBXBuildFile; fileRef = 03B0E0AD186995CF007B2C8E /* NSArray+GArray.m */; };
		03B301CE188EC8CE002781F8 /* libSangforSdk_armv7.a in Frameworks */ = {isa = PBXBuildFile; fileRef = 03B301C9188EC8CE002781F8 /* libSangforSdk_armv7.a */; };
		03B301D8188ECBAD002781F8 /* libstdc++.6.0.9.dylib in Frameworks */ = {isa = PBXBuildFile; fileRef = 03B301D7188ECBAD002781F8 /* libstdc++.6.0.9.dylib */; };
		03B301DA188ECBB4002781F8 /* CFNetwork.framework in Frameworks */ = {isa = PBXBuildFile; fileRef = 03B301D9188ECBB4002781F8 /* CFNetwork.framework */; };
		03BD17F71844DC44002F2C38 /* BLMatterAttachmentListViewController.m in Sources */ = {isa = PBXBuildFile; fileRef = 03BD17F61844DC44002F2C38 /* BLMatterAttachmentListViewController.m */; };
		03BD17FA1844DC8F002F2C38 /* BLMatterAttachmentCell.m in Sources */ = {isa = PBXBuildFile; fileRef = 03BD17F91844DC8F002F2C38 /* BLMatterAttachmentCell.m */; };
		03BD17FD1844EF77002F2C38 /* BLMatterFlowListViewController.m in Sources */ = {isa = PBXBuildFile; fileRef = 03BD17FC1844EF77002F2C38 /* BLMatterFlowListViewController.m */; };
		03BD18001844F2FF002F2C38 /* BLMatterOpinionViewController.m in Sources */ = {isa = PBXBuildFile; fileRef = 03BD17FF1844F2FF002F2C38 /* BLMatterOpinionViewController.m */; };
		03C26F73188D7B69007214BC /* GTMBase64.m in Sources */ = {isa = PBXBuildFile; fileRef = 03C26F71188D7B69007214BC /* GTMBase64.m */; settings = {COMPILER_FLAGS = "-fno-objc-arc"; }; };
		03D2E929183FB6350096E463 /* BLMasterViewController.m in Sources */ = {isa = PBXBuildFile; fileRef = 03D2E928183FB6350096E463 /* BLMasterViewController.m */; };
		03DECA461842434D007F6F40 /* BLMatterOperationViewController.m in Sources */ = {isa = PBXBuildFile; fileRef = 03DECA451842434D007F6F40 /* BLMatterOperationViewController.m */; };
		03DECA49184247D0007F6F40 /* BLGlobal.m in Sources */ = {isa = PBXBuildFile; fileRef = 03DECA48184247D0007F6F40 /* BLGlobal.m */; };
		03DECA4C184250B8007F6F40 /* BLMatterFormViewController.m in Sources */ = {isa = PBXBuildFile; fileRef = 03DECA4B184250B8007F6F40 /* BLMatterFormViewController.m */; };
		03DECA4F18425154007F6F40 /* BLMatterOperationService.m in Sources */ = {isa = PBXBuildFile; fileRef = 03DECA4E18425154007F6F40 /* BLMatterOperationService.m */; };
		03E253DD1872703700EF9C05 /* BLInfoRegionEntity.m in Sources */ = {isa = PBXBuildFile; fileRef = 03E253DC1872703700EF9C05 /* BLInfoRegionEntity.m */; };
		03E6A94618843F450020F883 /* BLQuickOpinionViewController.m in Sources */ = {isa = PBXBuildFile; fileRef = 03E6A94518843F450020F883 /* BLQuickOpinionViewController.m */; };
		03F9BBEF1871CA1A00DBD40C /* Read@2x.png in Resources */ = {isa = PBXBuildFile; fileRef = 03F9BBE71871CA1A00DBD40C /* Read@2x.png */; };
		03F9BBF01871CA1A00DBD40C /* new@2x.png in Resources */ = {isa = PBXBuildFile; fileRef = 03F9BBE81871CA1A00DBD40C /* new@2x.png */; };
		03F9BBF11871CA1A00DBD40C /* Todo@2x.png in Resources */ = {isa = PBXBuildFile; fileRef = 03F9BBE91871CA1A00DBD40C /* Todo@2x.png */; };
		03F9BBF21871CA1A00DBD40C /* Setting@2x.png in Resources */ = {isa = PBXBuildFile; fileRef = 03F9BBEA1871CA1A00DBD40C /* Setting@2x.png */; };
		03F9BBF31871CA1A00DBD40C /* Taken@2x.png in Resources */ = {isa = PBXBuildFile; fileRef = 03F9BBEB1871CA1A00DBD40C /* Taken@2x.png */; };
		03F9BBF41871CA1A00DBD40C /* ToRead@2x.png in Resources */ = {isa = PBXBuildFile; fileRef = 03F9BBEC1871CA1A00DBD40C /* ToRead@2x.png */; };
		03F9BBF51871CA1A00DBD40C /* InDoc@2x.png in Resources */ = {isa = PBXBuildFile; fileRef = 03F9BBED1871CA1A00DBD40C /* InDoc@2x.png */; };
		03F9BBF61871CA1A00DBD40C /* GiveRemark@2x.png in Resources */ = {isa = PBXBuildFile; fileRef = 03F9BBEE1871CA1A00DBD40C /* GiveRemark@2x.png */; };
		03F9BBF81871CD2F00DBD40C /* Notifity@2x.png in Resources */ = {isa = PBXBuildFile; fileRef = 03F9BBF71871CD2F00DBD40C /* Notifity@2x.png */; };
/* End PBXBuildFile section */

/* Begin PBXContainerItemProxy section */
		036C0FC4183D02AB00C61808 /* PBXContainerItemProxy */ = {
			isa = PBXContainerItemProxy;
			containerPortal = 036C0F9C183D02AB00C61808 /* Project object */;
			proxyType = 1;
			remoteGlobalIDString = 036C0FA3183D02AB00C61808;
			remoteInfo = BaoLiOA;
		};
		039BF62B185E077F00985B17 /* PBXContainerItemProxy */ = {
			isa = PBXContainerItemProxy;
			containerPortal = 039BF605185E077F00985B17 /* ZipArchive.xcodeproj */;
			proxyType = 2;
			remoteGlobalIDString = D2AAC07E0554694100DB518D;
			remoteInfo = "ZipArchive ios";
		};
		039BF62D185E077F00985B17 /* PBXContainerItemProxy */ = {
			isa = PBXContainerItemProxy;
			containerPortal = 039BF605185E077F00985B17 /* ZipArchive.xcodeproj */;
			proxyType = 2;
			remoteGlobalIDString = C908A96F160AC26D000395DB;
			remoteInfo = "ZipArchive mac";
		};
		039BF62F185E077F00985B17 /* PBXContainerItemProxy */ = {
			isa = PBXContainerItemProxy;
			containerPortal = 039BF605185E077F00985B17 /* ZipArchive.xcodeproj */;
			proxyType = 2;
			remoteGlobalIDString = C95AB35817E1C37700120861;
			remoteInfo = "ZipArchive ios Tests";
		};
		039BF631185E077F00985B17 /* PBXContainerItemProxy */ = {
			isa = PBXContainerItemProxy;
			containerPortal = 039BF605185E077F00985B17 /* ZipArchive.xcodeproj */;
			proxyType = 2;
			remoteGlobalIDString = C95AB37417E1C47D00120861;
			remoteInfo = "ZipArchive mac Tests";
		};
		039BF633185E07F200985B17 /* PBXContainerItemProxy */ = {
			isa = PBXContainerItemProxy;
			containerPortal = 039BF605185E077F00985B17 /* ZipArchive.xcodeproj */;
			proxyType = 1;
			remoteGlobalIDString = D2AAC07D0554694100DB518D;
			remoteInfo = "ZipArchive ios";
		};
/* End PBXContainerItemProxy section */

/* Begin PBXFileReference section */
		0303D46F1869DD5D00184EED /* BLSegmentMatterListViewController.h */ = {isa = PBXFileReference; fileEncoding = 4; lastKnownFileType = sourcecode.c.h; path = BLSegmentMatterListViewController.h; sourceTree = "<group>"; };
		0303D4701869DD5D00184EED /* BLSegmentMatterListViewController.m */ = {isa = PBXFileReference; fileEncoding = 4; lastKnownFileType = sourcecode.c.objc; path = BLSegmentMatterListViewController.m; sourceTree = "<group>"; };
		030CD00A1841B91B005A9B58 /* BLSplitViewControllerManager.h */ = {isa = PBXFileReference; fileEncoding = 4; lastKnownFileType = sourcecode.c.h; path = BLSplitViewControllerManager.h; sourceTree = "<group>"; };
		030CD00B1841B91B005A9B58 /* BLSplitViewControllerManager.m */ = {isa = PBXFileReference; fileEncoding = 4; lastKnownFileType = sourcecode.c.objc; path = BLSplitViewControllerManager.m; sourceTree = "<group>"; };
		030D3C601849B0A000E844EA /* BLLoginViewController.h */ = {isa = PBXFileReference; fileEncoding = 4; lastKnownFileType = sourcecode.c.h; path = BLLoginViewController.h; sourceTree = "<group>"; };
		030D3C611849B0A000E844EA /* BLLoginViewController.m */ = {isa = PBXFileReference; fileEncoding = 4; lastKnownFileType = sourcecode.c.objc; path = BLLoginViewController.m; sourceTree = "<group>"; };
		030D3C631849B2F000E844EA /* BLUserService.h */ = {isa = PBXFileReference; fileEncoding = 4; lastKnownFileType = sourcecode.c.h; path = BLUserService.h; sourceTree = "<group>"; };
		030D3C641849B2F000E844EA /* BLUserService.m */ = {isa = PBXFileReference; fileEncoding = 4; lastKnownFileType = sourcecode.c.objc; path = BLUserService.m; sourceTree = "<group>"; };
		030D3C661849B30A00E844EA /* BLUserHTTPLogic.h */ = {isa = PBXFileReference; fileEncoding = 4; lastKnownFileType = sourcecode.c.h; path = BLUserHTTPLogic.h; sourceTree = "<group>"; };
		030D3C671849B30A00E844EA /* BLUserHTTPLogic.m */ = {isa = PBXFileReference; fileEncoding = 4; lastKnownFileType = sourcecode.c.objc; path = BLUserHTTPLogic.m; sourceTree = "<group>"; };
		030D3C691849DE7700E844EA /* BLAppSettingsViewController.h */ = {isa = PBXFileReference; fileEncoding = 4; lastKnownFileType = sourcecode.c.h; path = BLAppSettingsViewController.h; sourceTree = "<group>"; };
		030D3C6A1849DE7700E844EA /* BLAppSettingsViewController.m */ = {isa = PBXFileReference; fileEncoding = 4; lastKnownFileType = sourcecode.c.objc; path = BLAppSettingsViewController.m; sourceTree = "<group>"; };
		0323EAD31851E2EA00752172 /* BLAttachEntity.h */ = {isa = PBXFileReference; fileEncoding = 4; lastKnownFileType = sourcecode.c.h; path = BLAttachEntity.h; sourceTree = "<group>"; };
		0323EAD41851E2EA00752172 /* BLAttachEntity.m */ = {isa = PBXFileReference; fileEncoding = 4; lastKnownFileType = sourcecode.c.objc; path = BLAttachEntity.m; sourceTree = "<group>"; };
		03281654187EDF8500C0FDB7 /* logo_m_32@2x.png */ = {isa = PBXFileReference; lastKnownFileType = image.png; path = "logo_m_32@2x.png"; sourceTree = "<group>"; };
		03281656187EE9A800C0FDB7 /* BLContextEntity.h */ = {isa = PBXFileReference; fileEncoding = 4; lastKnownFileType = sourcecode.c.h; path = BLContextEntity.h; sourceTree = "<group>"; };
		03281657187EE9A800C0FDB7 /* BLContextEntity.m */ = {isa = PBXFileReference; fileEncoding = 4; lastKnownFileType = sourcecode.c.objc; path = BLContextEntity.m; sourceTree = "<group>"; };
		033EA7F1184E1A5D009E29C7 /* RXMLElement.h */ = {isa = PBXFileReference; fileEncoding = 4; lastKnownFileType = sourcecode.c.h; path = RXMLElement.h; sourceTree = "<group>"; };
		033EA7F2184E1A5D009E29C7 /* RXMLElement.m */ = {isa = PBXFileReference; fileEncoding = 4; lastKnownFileType = sourcecode.c.objc; path = RXMLElement.m; sourceTree = "<group>"; };
		033EA7F4184E2E15009E29C7 /* libz.dylib */ = {isa = PBXFileReference; lastKnownFileType = "compiled.mach-o.dylib"; name = libz.dylib; path = usr/lib/libz.dylib; sourceTree = SDKROOT; };
		033EA7F6184E2E1D009E29C7 /* libxml2.dylib */ = {isa = PBXFileReference; lastKnownFileType = "compiled.mach-o.dylib"; name = libxml2.dylib; path = usr/lib/libxml2.dylib; sourceTree = SDKROOT; };
		0341733A185A1637003597D4 /* BLMatterOperationHTTPLogic.h */ = {isa = PBXFileReference; fileEncoding = 4; lastKnownFileType = sourcecode.c.h; path = BLMatterOperationHTTPLogic.h; sourceTree = "<group>"; };
		0341733B185A1637003597D4 /* BLMatterOperationHTTPLogic.m */ = {isa = PBXFileReference; fileEncoding = 4; lastKnownFileType = sourcecode.c.objc; path = BLMatterOperationHTTPLogic.m; sourceTree = "<group>"; };
		03588FD8183E4A780067F5D0 /* BLBaseMatterListViewController.h */ = {isa = PBXFileReference; fileEncoding = 4; lastKnownFileType = sourcecode.c.h; path = BLBaseMatterListViewController.h; sourceTree = "<group>"; };
		03588FD9183E4A780067F5D0 /* BLBaseMatterListViewController.m */ = {isa = PBXFileReference; fileEncoding = 4; lastKnownFileType = sourcecode.c.objc; path = BLBaseMatterListViewController.m; sourceTree = "<group>"; };
		03588FDC183E4AED0067F5D0 /* BLBaseMatterCell.h */ = {isa = PBXFileReference; fileEncoding = 4; lastKnownFileType = sourcecode.c.h; path = BLBaseMatterCell.h; sourceTree = "<group>"; };
		03588FDD183E4AED0067F5D0 /* BLBaseMatterCell.m */ = {isa = PBXFileReference; fileEncoding = 4; lastKnownFileType = sourcecode.c.objc; path = BLBaseMatterCell.m; sourceTree = "<group>"; };
		03588FDF183E4B620067F5D0 /* BLMatterInfoService.h */ = {isa = PBXFileReference; fileEncoding = 4; lastKnownFileType = sourcecode.c.h; path = BLMatterInfoService.h; sourceTree = "<group>"; };
		03588FE0183E4B620067F5D0 /* BLMatterInfoService.m */ = {isa = PBXFileReference; fileEncoding = 4; lastKnownFileType = sourcecode.c.objc; path = BLMatterInfoService.m; sourceTree = "<group>"; };
		03588FE2183E4B830067F5D0 /* BLMatterInfoHTTPLogic.h */ = {isa = PBXFileReference; fileEncoding = 4; lastKnownFileType = sourcecode.c.h; path = BLMatterInfoHTTPLogic.h; sourceTree = "<group>"; };
		03588FE3183E4B830067F5D0 /* BLMatterInfoHTTPLogic.m */ = {isa = PBXFileReference; fileEncoding = 4; lastKnownFileType = sourcecode.c.objc; path = BLMatterInfoHTTPLogic.m; sourceTree = "<group>"; };
		03588FE5183E4F7B0067F5D0 /* BLMatterEntity.h */ = {isa = PBXFileReference; fileEncoding = 4; lastKnownFileType = sourcecode.c.h; path = BLMatterEntity.h; sourceTree = "<group>"; };
		03588FE6183E4F7B0067F5D0 /* BLMatterEntity.m */ = {isa = PBXFileReference; fileEncoding = 4; lastKnownFileType = sourcecode.c.objc; path = BLMatterEntity.m; sourceTree = "<group>"; };
		035C2D361843AA660090E5BA /* BLMainBodyViewController.h */ = {isa = PBXFileReference; fileEncoding = 4; lastKnownFileType = sourcecode.c.h; path = BLMainBodyViewController.h; sourceTree = "<group>"; };
		035C2D371843AA660090E5BA /* BLMainBodyViewController.m */ = {isa = PBXFileReference; fileEncoding = 4; lastKnownFileType = sourcecode.c.objc; path = BLMainBodyViewController.m; sourceTree = "<group>"; };
		0360E5DF18756907007CC623 /* bg_login@2x.png */ = {isa = PBXFileReference; lastKnownFileType = image.png; path = "bg_login@2x.png"; sourceTree = "<group>"; };
		0361DE16184F7EF700D33CE6 /* BLFromFieldItemEntity.h */ = {isa = PBXFileReference; fileEncoding = 4; lastKnownFileType = sourcecode.c.h; path = BLFromFieldItemEntity.h; sourceTree = "<group>"; };
		0361DE17184F7EF700D33CE6 /* BLFromFieldItemEntity.m */ = {isa = PBXFileReference; fileEncoding = 4; lastKnownFileType = sourcecode.c.objc; path = BLFromFieldItemEntity.m; sourceTree = "<group>"; };
		036C0FA4183D02AB00C61808 /* BaoLiOA.app */ = {isa = PBXFileReference; explicitFileType = wrapper.application; includeInIndex = 0; path = BaoLiOA.app; sourceTree = BUILT_PRODUCTS_DIR; };
		036C0FA7183D02AB00C61808 /* Foundation.framework */ = {isa = PBXFileReference; lastKnownFileType = wrapper.framework; name = Foundation.framework; path = System/Library/Frameworks/Foundation.framework; sourceTree = SDKROOT; };
		036C0FA9183D02AB00C61808 /* CoreGraphics.framework */ = {isa = PBXFileReference; lastKnownFileType = wrapper.framework; name = CoreGraphics.framework; path = System/Library/Frameworks/CoreGraphics.framework; sourceTree = SDKROOT; };
		036C0FAB183D02AB00C61808 /* UIKit.framework */ = {isa = PBXFileReference; lastKnownFileType = wrapper.framework; name = UIKit.framework; path = System/Library/Frameworks/UIKit.framework; sourceTree = SDKROOT; };
		036C0FAF183D02AB00C61808 /* BaoLiOA-Info.plist */ = {isa = PBXFileReference; lastKnownFileType = text.plist.xml; path = "BaoLiOA-Info.plist"; sourceTree = "<group>"; };
		036C0FB1183D02AB00C61808 /* en */ = {isa = PBXFileReference; lastKnownFileType = text.plist.strings; name = en; path = en.lproj/InfoPlist.strings; sourceTree = "<group>"; };
		036C0FB3183D02AB00C61808 /* main.m */ = {isa = PBXFileReference; lastKnownFileType = sourcecode.c.objc; path = main.m; sourceTree = "<group>"; };
		036C0FB5183D02AB00C61808 /* BaoLiOA-Prefix.pch */ = {isa = PBXFileReference; lastKnownFileType = sourcecode.c.h; path = "BaoLiOA-Prefix.pch"; sourceTree = "<group>"; };
		036C0FB6183D02AB00C61808 /* BLAppDelegate.h */ = {isa = PBXFileReference; lastKnownFileType = sourcecode.c.h; path = BLAppDelegate.h; sourceTree = "<group>"; };
		036C0FB7183D02AB00C61808 /* BLAppDelegate.m */ = {isa = PBXFileReference; lastKnownFileType = sourcecode.c.objc; path = BLAppDelegate.m; sourceTree = "<group>"; };
		036C0FB9183D02AB00C61808 /* Images.xcassets */ = {isa = PBXFileReference; lastKnownFileType = folder.assetcatalog; path = Images.xcassets; sourceTree = "<group>"; };
		036C0FBF183D02AB00C61808 /* BaoLiOATests.xctest */ = {isa = PBXFileReference; explicitFileType = wrapper.cfbundle; includeInIndex = 0; path = BaoLiOATests.xctest; sourceTree = BUILT_PRODUCTS_DIR; };
		036C0FC0183D02AB00C61808 /* XCTest.framework */ = {isa = PBXFileReference; lastKnownFileType = wrapper.framework; name = XCTest.framework; path = Library/Frameworks/XCTest.framework; sourceTree = DEVELOPER_DIR; };
		036C0FC8183D02AB00C61808 /* BaoLiOATests-Info.plist */ = {isa = PBXFileReference; lastKnownFileType = text.plist.xml; path = "BaoLiOATests-Info.plist"; sourceTree = "<group>"; };
		036C0FCA183D02AB00C61808 /* en */ = {isa = PBXFileReference; lastKnownFileType = text.plist.strings; name = en; path = en.lproj/InfoPlist.strings; sourceTree = "<group>"; };
		036C0FCC183D02AB00C61808 /* BaoLiOATests.m */ = {isa = PBXFileReference; lastKnownFileType = sourcecode.c.objc; path = BaoLiOATests.m; sourceTree = "<group>"; };
		036C0FD6183D031200C61808 /* Main.storyboard */ = {isa = PBXFileReference; fileEncoding = 4; lastKnownFileType = file.storyboard; path = Main.storyboard; sourceTree = "<group>"; };
		036C0FDA183D05AD00C61808 /* AFHTTPRequestOperation.h */ = {isa = PBXFileReference; fileEncoding = 4; lastKnownFileType = sourcecode.c.h; path = AFHTTPRequestOperation.h; sourceTree = "<group>"; };
		036C0FDB183D05AD00C61808 /* AFHTTPRequestOperation.m */ = {isa = PBXFileReference; fileEncoding = 4; lastKnownFileType = sourcecode.c.objc; path = AFHTTPRequestOperation.m; sourceTree = "<group>"; };
		036C0FDC183D05AD00C61808 /* AFHTTPRequestOperationManager.h */ = {isa = PBXFileReference; fileEncoding = 4; lastKnownFileType = sourcecode.c.h; path = AFHTTPRequestOperationManager.h; sourceTree = "<group>"; };
		036C0FDD183D05AD00C61808 /* AFHTTPRequestOperationManager.m */ = {isa = PBXFileReference; fileEncoding = 4; lastKnownFileType = sourcecode.c.objc; path = AFHTTPRequestOperationManager.m; sourceTree = "<group>"; };
		036C0FDE183D05AD00C61808 /* AFHTTPSessionManager.h */ = {isa = PBXFileReference; fileEncoding = 4; lastKnownFileType = sourcecode.c.h; path = AFHTTPSessionManager.h; sourceTree = "<group>"; };
		036C0FDF183D05AD00C61808 /* AFHTTPSessionManager.m */ = {isa = PBXFileReference; fileEncoding = 4; lastKnownFileType = sourcecode.c.objc; path = AFHTTPSessionManager.m; sourceTree = "<group>"; };
		036C0FE0183D05AD00C61808 /* AFNetworking.h */ = {isa = PBXFileReference; fileEncoding = 4; lastKnownFileType = sourcecode.c.h; path = AFNetworking.h; sourceTree = "<group>"; };
		036C0FE1183D05AD00C61808 /* AFNetworkReachabilityManager.h */ = {isa = PBXFileReference; fileEncoding = 4; lastKnownFileType = sourcecode.c.h; path = AFNetworkReachabilityManager.h; sourceTree = "<group>"; };
		036C0FE2183D05AD00C61808 /* AFNetworkReachabilityManager.m */ = {isa = PBXFileReference; fileEncoding = 4; lastKnownFileType = sourcecode.c.objc; path = AFNetworkReachabilityManager.m; sourceTree = "<group>"; };
		036C0FE3183D05AD00C61808 /* AFSecurityPolicy.h */ = {isa = PBXFileReference; fileEncoding = 4; lastKnownFileType = sourcecode.c.h; path = AFSecurityPolicy.h; sourceTree = "<group>"; };
		036C0FE4183D05AD00C61808 /* AFSecurityPolicy.m */ = {isa = PBXFileReference; fileEncoding = 4; lastKnownFileType = sourcecode.c.objc; path = AFSecurityPolicy.m; sourceTree = "<group>"; };
		036C0FE5183D05AD00C61808 /* AFURLConnectionOperation.h */ = {isa = PBXFileReference; fileEncoding = 4; lastKnownFileType = sourcecode.c.h; path = AFURLConnectionOperation.h; sourceTree = "<group>"; };
		036C0FE6183D05AD00C61808 /* AFURLConnectionOperation.m */ = {isa = PBXFileReference; fileEncoding = 4; lastKnownFileType = sourcecode.c.objc; path = AFURLConnectionOperation.m; sourceTree = "<group>"; };
		036C0FE7183D05AD00C61808 /* AFURLRequestSerialization.h */ = {isa = PBXFileReference; fileEncoding = 4; lastKnownFileType = sourcecode.c.h; path = AFURLRequestSerialization.h; sourceTree = "<group>"; };
		036C0FE8183D05AD00C61808 /* AFURLRequestSerialization.m */ = {isa = PBXFileReference; fileEncoding = 4; lastKnownFileType = sourcecode.c.objc; path = AFURLRequestSerialization.m; sourceTree = "<group>"; };
		036C0FE9183D05AD00C61808 /* AFURLResponseSerialization.h */ = {isa = PBXFileReference; fileEncoding = 4; lastKnownFileType = sourcecode.c.h; path = AFURLResponseSerialization.h; sourceTree = "<group>"; };
		036C0FEA183D05AD00C61808 /* AFURLResponseSerialization.m */ = {isa = PBXFileReference; fileEncoding = 4; lastKnownFileType = sourcecode.c.objc; path = AFURLResponseSerialization.m; sourceTree = "<group>"; };
		036C0FEB183D05AD00C61808 /* AFURLSessionManager.h */ = {isa = PBXFileReference; fileEncoding = 4; lastKnownFileType = sourcecode.c.h; path = AFURLSessionManager.h; sourceTree = "<group>"; };
		036C0FEC183D05AD00C61808 /* AFURLSessionManager.m */ = {isa = PBXFileReference; fileEncoding = 4; lastKnownFileType = sourcecode.c.objc; path = AFURLSessionManager.m; sourceTree = "<group>"; };
		036DEC5618769A2300817F80 /* OTHER@2x.png */ = {isa = PBXFileReference; lastKnownFileType = image.png; path = "OTHER@2x.png"; sourceTree = "<group>"; };
		036DEC5718769A2300817F80 /* P@2x.png */ = {isa = PBXFileReference; lastKnownFileType = image.png; path = "P@2x.png"; sourceTree = "<group>"; };
		036DEC5818769A2300817F80 /* PDF@2x.png */ = {isa = PBXFileReference; lastKnownFileType = image.png; path = "PDF@2x.png"; sourceTree = "<group>"; };
		036DEC5918769A2300817F80 /* S@2x.png */ = {isa = PBXFileReference; lastKnownFileType = image.png; path = "S@2x.png"; sourceTree = "<group>"; };
		036DEC5A18769A2300817F80 /* W@2x.png */ = {isa = PBXFileReference; lastKnownFileType = image.png; path = "W@2x.png"; sourceTree = "<group>"; };
		0381BC5318478BDF00DB661D /* BLCommonOpinionViewController.h */ = {isa = PBXFileReference; fileEncoding = 4; lastKnownFileType = sourcecode.c.h; path = BLCommonOpinionViewController.h; sourceTree = "<group>"; };
		0381BC5418478BDF00DB661D /* BLCommonOpinionViewController.m */ = {isa = PBXFileReference; fileEncoding = 4; lastKnownFileType = sourcecode.c.objc; path = BLCommonOpinionViewController.m; sourceTree = "<group>"; };
		0381BC561847985400DB661D /* BLManageFollowViewController.h */ = {isa = PBXFileReference; fileEncoding = 4; lastKnownFileType = sourcecode.c.h; path = BLManageFollowViewController.h; sourceTree = "<group>"; };
		0381BC571847985400DB661D /* BLManageFollowViewController.m */ = {isa = PBXFileReference; fileEncoding = 4; lastKnownFileType = sourcecode.c.objc; path = BLManageFollowViewController.m; sourceTree = "<group>"; };
		03844F95186456610028BF80 /* BLAttachManageService.h */ = {isa = PBXFileReference; fileEncoding = 4; lastKnownFileType = sourcecode.c.h; path = BLAttachManageService.h; sourceTree = "<group>"; };
		03844F96186456610028BF80 /* BLAttachManageService.m */ = {isa = PBXFileReference; fileEncoding = 4; lastKnownFileType = sourcecode.c.objc; path = BLAttachManageService.m; sourceTree = "<group>"; };
		038C8EFD186D2DA4007B1B2E /* BLSettingViewController.h */ = {isa = PBXFileReference; fileEncoding = 4; lastKnownFileType = sourcecode.c.h; path = BLSettingViewController.h; sourceTree = "<group>"; };
		038C8EFE186D2DA4007B1B2E /* BLSettingViewController.m */ = {isa = PBXFileReference; fileEncoding = 4; lastKnownFileType = sourcecode.c.objc; path = BLSettingViewController.m; sourceTree = "<group>"; };
		038C8F05186D38E8007B1B2E /* BLCommonOpinionListViewController.h */ = {isa = PBXFileReference; fileEncoding = 4; lastKnownFileType = sourcecode.c.h; path = BLCommonOpinionListViewController.h; sourceTree = "<group>"; };
		038C8F06186D38E8007B1B2E /* BLCommonOpinionListViewController.m */ = {isa = PBXFileReference; fileEncoding = 4; lastKnownFileType = sourcecode.c.objc; path = BLCommonOpinionListViewController.m; sourceTree = "<group>"; };
		038C8F08186D3D96007B1B2E /* BLAddOpinionViewController.h */ = {isa = PBXFileReference; fileEncoding = 4; lastKnownFileType = sourcecode.c.h; path = BLAddOpinionViewController.h; sourceTree = "<group>"; };
		038C8F09186D3D96007B1B2E /* BLAddOpinionViewController.m */ = {isa = PBXFileReference; fileEncoding = 4; lastKnownFileType = sourcecode.c.objc; path = BLAddOpinionViewController.m; sourceTree = "<group>"; };
		0390A0181855BC6B00EEEEBB /* BLAttachPreviewViewController.h */ = {isa = PBXFileReference; fileEncoding = 4; lastKnownFileType = sourcecode.c.h; path = BLAttachPreviewViewController.h; sourceTree = "<group>"; };
		0390A0191855BC6B00EEEEBB /* BLAttachPreviewViewController.m */ = {isa = PBXFileReference; fileEncoding = 4; lastKnownFileType = sourcecode.c.objc; path = BLAttachPreviewViewController.m; sourceTree = "<group>"; };
		039155FB1861F24800BBFCB2 /* BLMatterFlowEntity.h */ = {isa = PBXFileReference; fileEncoding = 4; lastKnownFileType = sourcecode.c.h; path = BLMatterFlowEntity.h; sourceTree = "<group>"; };
		039155FC1861F24800BBFCB2 /* BLMatterFlowEntity.m */ = {isa = PBXFileReference; fileEncoding = 4; lastKnownFileType = sourcecode.c.objc; path = BLMatterFlowEntity.m; sourceTree = "<group>"; };
		039156021861F6B900BBFCB2 /* BLMatterFlowCell.h */ = {isa = PBXFileReference; fileEncoding = 4; lastKnownFileType = sourcecode.c.h; path = BLMatterFlowCell.h; sourceTree = "<group>"; };
		039156031861F6B900BBFCB2 /* BLMatterFlowCell.m */ = {isa = PBXFileReference; fileEncoding = 4; lastKnownFileType = sourcecode.c.objc; path = BLMatterFlowCell.m; sourceTree = "<group>"; };
		0398DCC318684D3D00980CE4 /* UIViewController+GViewController.h */ = {isa = PBXFileReference; fileEncoding = 4; lastKnownFileType = sourcecode.c.h; path = "UIViewController+GViewController.h"; sourceTree = "<group>"; };
		0398DCC418684D3D00980CE4 /* UIViewController+GViewController.m */ = {isa = PBXFileReference; fileEncoding = 4; lastKnownFileType = sourcecode.c.objc; path = "UIViewController+GViewController.m"; sourceTree = "<group>"; };
		0398DCCB18684DBF00980CE4 /* MBProgressHUD.h */ = {isa = PBXFileReference; fileEncoding = 4; lastKnownFileType = sourcecode.c.h; path = MBProgressHUD.h; sourceTree = "<group>"; };
		0398DCCC18684DBF00980CE4 /* MBProgressHUD.m */ = {isa = PBXFileReference; fileEncoding = 4; lastKnownFileType = sourcecode.c.objc; path = MBProgressHUD.m; sourceTree = "<group>"; };
		039BF5DB185E077E00985B17 /* CHANGELOG.md */ = {isa = PBXFileReference; fileEncoding = 4; lastKnownFileType = text; path = CHANGELOG.md; sourceTree = "<group>"; };
		039BF5DC185E077E00985B17 /* Doxyfile */ = {isa = PBXFileReference; fileEncoding = 4; lastKnownFileType = text; path = Doxyfile; sourceTree = "<group>"; };
		039BF5DD185E077E00985B17 /* LICENSE */ = {isa = PBXFileReference; fileEncoding = 4; lastKnownFileType = text; path = LICENSE; sourceTree = "<group>"; };
		039BF5DF185E077E00985B17 /* ChangeLogUnzip */ = {isa = PBXFileReference; fileEncoding = 4; lastKnownFileType = text; path = ChangeLogUnzip; sourceTree = "<group>"; };
		039BF5E0185E077E00985B17 /* crypt.h */ = {isa = PBXFileReference; fileEncoding = 4; lastKnownFileType = sourcecode.c.h; path = crypt.h; sourceTree = "<group>"; };
		039BF5E1185E077E00985B17 /* ioapi.c */ = {isa = PBXFileReference; fileEncoding = 4; lastKnownFileType = sourcecode.c.c; path = ioapi.c; sourceTree = "<group>"; };
		039BF5E2185E077E00985B17 /* ioapi.h */ = {isa = PBXFileReference; fileEncoding = 4; lastKnownFileType = sourcecode.c.h; path = ioapi.h; sourceTree = "<group>"; };
		039BF5E3185E077E00985B17 /* make_vms.com */ = {isa = PBXFileReference; fileEncoding = 4; lastKnownFileType = text; path = make_vms.com; sourceTree = "<group>"; };
		039BF5E4185E077E00985B17 /* Makefile */ = {isa = PBXFileReference; fileEncoding = 4; lastKnownFileType = sourcecode.make; path = Makefile; sourceTree = "<group>"; };
		039BF5E5185E077E00985B17 /* miniunz.c */ = {isa = PBXFileReference; fileEncoding = 4; lastKnownFileType = sourcecode.c.c; path = miniunz.c; sourceTree = "<group>"; };
		039BF5E6185E077E00985B17 /* minizip.c */ = {isa = PBXFileReference; fileEncoding = 4; lastKnownFileType = sourcecode.c.c; path = minizip.c; sourceTree = "<group>"; };
		039BF5E7185E077E00985B17 /* MiniZip64_Changes.txt */ = {isa = PBXFileReference; fileEncoding = 4; lastKnownFileType = text; path = MiniZip64_Changes.txt; sourceTree = "<group>"; };
		039BF5E8185E077E00985B17 /* MiniZip64_info.txt */ = {isa = PBXFileReference; fileEncoding = 4; lastKnownFileType = text; path = MiniZip64_info.txt; sourceTree = "<group>"; };
		039BF5E9185E077E00985B17 /* mztools.c */ = {isa = PBXFileReference; fileEncoding = 4; lastKnownFileType = sourcecode.c.c; path = mztools.c; sourceTree = "<group>"; };
		039BF5EA185E077E00985B17 /* mztools.h */ = {isa = PBXFileReference; fileEncoding = 4; lastKnownFileType = sourcecode.c.h; path = mztools.h; sourceTree = "<group>"; };
		039BF5EB185E077E00985B17 /* unzip.c */ = {isa = PBXFileReference; fileEncoding = 4; lastKnownFileType = sourcecode.c.c; path = unzip.c; sourceTree = "<group>"; };
		039BF5EC185E077E00985B17 /* unzip.h */ = {isa = PBXFileReference; fileEncoding = 4; lastKnownFileType = sourcecode.c.h; path = unzip.h; sourceTree = "<group>"; };
		039BF5ED185E077E00985B17 /* zip.c */ = {isa = PBXFileReference; fileEncoding = 4; lastKnownFileType = sourcecode.c.c; path = zip.c; sourceTree = "<group>"; };
		039BF5EE185E077E00985B17 /* zip.h */ = {isa = PBXFileReference; fileEncoding = 4; lastKnownFileType = sourcecode.c.h; path = zip.h; sourceTree = "<group>"; };
		039BF5EF185E077E00985B17 /* README.md */ = {isa = PBXFileReference; fileEncoding = 4; lastKnownFileType = text; path = README.md; sourceTree = "<group>"; };
		039BF5F3185E077F00985B17 /* en */ = {isa = PBXFileReference; lastKnownFileType = text.plist.strings; name = en; path = en.lproj/InfoPlist.strings; sourceTree = "<group>"; };
		039BF5F5185E077F00985B17 /* V3.png */ = {isa = PBXFileReference; lastKnownFileType = image.png; path = V3.png; sourceTree = "<group>"; };
		039BF5F6185E077F00985B17 /* V3.xml */ = {isa = PBXFileReference; fileEncoding = 4; lastKnownFileType = text.xml; path = V3.xml; sourceTree = "<group>"; };
		039BF5F7185E077F00985B17 /* tests-Info.plist */ = {isa = PBXFileReference; fileEncoding = 4; lastKnownFileType = text.plist.xml; path = "tests-Info.plist"; sourceTree = "<group>"; };
		039BF5F8185E077F00985B17 /* tests-Prefix.pch */ = {isa = PBXFileReference; fileEncoding = 4; lastKnownFileType = sourcecode.c.h; path = "tests-Prefix.pch"; sourceTree = "<group>"; };
		039BF5F9185E077F00985B17 /* tests.h */ = {isa = PBXFileReference; fileEncoding = 4; lastKnownFileType = sourcecode.c.h; path = tests.h; sourceTree = "<group>"; };
		039BF5FA185E077F00985B17 /* tests.m */ = {isa = PBXFileReference; fileEncoding = 4; lastKnownFileType = sourcecode.c.objc; path = tests.m; sourceTree = "<group>"; };
		039BF5FD185E077F00985B17 /* en */ = {isa = PBXFileReference; lastKnownFileType = text.plist.strings; name = en; path = en.lproj/InfoPlist.strings; sourceTree = "<group>"; };
		039BF5FE185E077F00985B17 /* ZipArchive ios Tests-Info.plist */ = {isa = PBXFileReference; fileEncoding = 4; lastKnownFileType = text.plist.xml; path = "ZipArchive ios Tests-Info.plist"; sourceTree = "<group>"; };
		039BF5FF185E077F00985B17 /* ZipArchive ios Tests-Prefix.pch */ = {isa = PBXFileReference; fileEncoding = 4; lastKnownFileType = sourcecode.c.h; path = "ZipArchive ios Tests-Prefix.pch"; sourceTree = "<group>"; };
		039BF602185E077F00985B17 /* en */ = {isa = PBXFileReference; lastKnownFileType = text.plist.strings; name = en; path = en.lproj/InfoPlist.strings; sourceTree = "<group>"; };
		039BF603185E077F00985B17 /* ZipArchive mac Tests-Info.plist */ = {isa = PBXFileReference; fileEncoding = 4; lastKnownFileType = text.plist.xml; path = "ZipArchive mac Tests-Info.plist"; sourceTree = "<group>"; };
		039BF604185E077F00985B17 /* ZipArchive mac Tests-Prefix.pch */ = {isa = PBXFileReference; fileEncoding = 4; lastKnownFileType = sourcecode.c.h; path = "ZipArchive mac Tests-Prefix.pch"; sourceTree = "<group>"; };
		039BF605185E077F00985B17 /* ZipArchive.xcodeproj */ = {isa = PBXFileReference; lastKnownFileType = "wrapper.pb-project"; path = ZipArchive.xcodeproj; sourceTree = "<group>"; };
		039BF608185E077F00985B17 /* ZipArchive_Prefix.pch */ = {isa = PBXFileReference; fileEncoding = 4; lastKnownFileType = sourcecode.c.h; path = ZipArchive_Prefix.pch; sourceTree = "<group>"; };
		039BF609185E077F00985B17 /* ZipArchive.h */ = {isa = PBXFileReference; fileEncoding = 4; lastKnownFileType = sourcecode.c.h; path = ZipArchive.h; sourceTree = "<group>"; };
		039BF60A185E077F00985B17 /* ZipArchive.m */ = {isa = PBXFileReference; fileEncoding = 4; lastKnownFileType = sourcecode.c.objc; path = ZipArchive.m; sourceTree = "<group>"; };
		039BF60B185E077F00985B17 /* ZipArchive.podspec */ = {isa = PBXFileReference; fileEncoding = 4; lastKnownFileType = text; path = ZipArchive.podspec; sourceTree = "<group>"; };
		03A85B78187C571A00DD43FD /* bg_login_s@2x.png */ = {isa = PBXFileReference; lastKnownFileType = image.png; path = "bg_login_s@2x.png"; sourceTree = "<group>"; };
		03A85B7E187C583F00DD43FD /* logo_80@2x.png */ = {isa = PBXFileReference; lastKnownFileType = image.png; path = "logo_80@2x.png"; sourceTree = "<group>"; };
		03B0E0AC186995CF007B2C8E /* NSArray+GArray.h */ = {isa = PBXFileReference; fileEncoding = 4; lastKnownFileType = sourcecode.c.h; path = "NSArray+GArray.h"; sourceTree = "<group>"; };
		03B0E0AD186995CF007B2C8E /* NSArray+GArray.m */ = {isa = PBXFileReference; fileEncoding = 4; lastKnownFileType = sourcecode.c.objc; path = "NSArray+GArray.m"; sourceTree = "<group>"; };
		03B301C9188EC8CE002781F8 /* libSangforSdk_armv7.a */ = {isa = PBXFileReference; lastKnownFileType = archive.ar; path = libSangforSdk_armv7.a; sourceTree = "<group>"; };
		03B301CA188EC8CE002781F8 /* sdkheader.h */ = {isa = PBXFileReference; fileEncoding = 4; lastKnownFileType = sourcecode.c.h; path = sdkheader.h; sourceTree = "<group>"; };
		03B301CB188EC8CE002781F8 /* svpn.h */ = {isa = PBXFileReference; fileEncoding = 4; lastKnownFileType = sourcecode.c.h; path = svpn.h; sourceTree = "<group>"; };
		03B301CC188EC8CE002781F8 /* svpnnb.h */ = {isa = PBXFileReference; fileEncoding = 4; lastKnownFileType = sourcecode.c.h; path = svpnnb.h; sourceTree = "<group>"; };
		03B301D7188ECBAD002781F8 /* libstdc++.6.0.9.dylib */ = {isa = PBXFileReference; lastKnownFileType = "compiled.mach-o.dylib"; name = "libstdc++.6.0.9.dylib"; path = "usr/lib/libstdc++.6.0.9.dylib"; sourceTree = SDKROOT; };
		03B301D9188ECBB4002781F8 /* CFNetwork.framework */ = {isa = PBXFileReference; lastKnownFileType = wrapper.framework; name = CFNetwork.framework; path = System/Library/Frameworks/CFNetwork.framework; sourceTree = SDKROOT; };
		03BD17F51844DC44002F2C38 /* BLMatterAttachmentListViewController.h */ = {isa = PBXFileReference; fileEncoding = 4; lastKnownFileType = sourcecode.c.h; path = BLMatterAttachmentListViewController.h; sourceTree = "<group>"; };
		03BD17F61844DC44002F2C38 /* BLMatterAttachmentListViewController.m */ = {isa = PBXFileReference; fileEncoding = 4; lastKnownFileType = sourcecode.c.objc; path = BLMatterAttachmentListViewController.m; sourceTree = "<group>"; };
		03BD17F81844DC8F002F2C38 /* BLMatterAttachmentCell.h */ = {isa = PBXFileReference; fileEncoding = 4; lastKnownFileType = sourcecode.c.h; path = BLMatterAttachmentCell.h; sourceTree = "<group>"; };
		03BD17F91844DC8F002F2C38 /* BLMatterAttachmentCell.m */ = {isa = PBXFileReference; fileEncoding = 4; lastKnownFileType = sourcecode.c.objc; path = BLMatterAttachmentCell.m; sourceTree = "<group>"; };
		03BD17FB1844EF77002F2C38 /* BLMatterFlowListViewController.h */ = {isa = PBXFileReference; fileEncoding = 4; lastKnownFileType = sourcecode.c.h; path = BLMatterFlowListViewController.h; sourceTree = "<group>"; };
		03BD17FC1844EF77002F2C38 /* BLMatterFlowListViewController.m */ = {isa = PBXFileReference; fileEncoding = 4; lastKnownFileType = sourcecode.c.objc; path = BLMatterFlowListViewController.m; sourceTree = "<group>"; };
		03BD17FE1844F2FF002F2C38 /* BLMatterOpinionViewController.h */ = {isa = PBXFileReference; fileEncoding = 4; lastKnownFileType = sourcecode.c.h; path = BLMatterOpinionViewController.h; sourceTree = "<group>"; };
		03BD17FF1844F2FF002F2C38 /* BLMatterOpinionViewController.m */ = {isa = PBXFileReference; fileEncoding = 4; lastKnownFileType = sourcecode.c.objc; path = BLMatterOpinionViewController.m; sourceTree = "<group>"; };
		03C26F70188D7B69007214BC /* GTMBase64.h */ = {isa = PBXFileReference; fileEncoding = 4; lastKnownFileType = sourcecode.c.h; path = GTMBase64.h; sourceTree = "<group>"; };
		03C26F71188D7B69007214BC /* GTMBase64.m */ = {isa = PBXFileReference; fileEncoding = 4; lastKnownFileType = sourcecode.c.objc; path = GTMBase64.m; sourceTree = "<group>"; };
		03C26F72188D7B69007214BC /* GTMDefines.h */ = {isa = PBXFileReference; fileEncoding = 4; lastKnownFileType = sourcecode.c.h; path = GTMDefines.h; sourceTree = "<group>"; };
		03D2E927183FB6350096E463 /* BLMasterViewController.h */ = {isa = PBXFileReference; fileEncoding = 4; lastKnownFileType = sourcecode.c.h; path = BLMasterViewController.h; sourceTree = "<group>"; };
		03D2E928183FB6350096E463 /* BLMasterViewController.m */ = {isa = PBXFileReference; fileEncoding = 4; lastKnownFileType = sourcecode.c.objc; path = BLMasterViewController.m; sourceTree = "<group>"; };
		03DECA441842434D007F6F40 /* BLMatterOperationViewController.h */ = {isa = PBXFileReference; fileEncoding = 4; lastKnownFileType = sourcecode.c.h; path = BLMatterOperationViewController.h; sourceTree = "<group>"; };
		03DECA451842434D007F6F40 /* BLMatterOperationViewController.m */ = {isa = PBXFileReference; fileEncoding = 4; lastKnownFileType = sourcecode.c.objc; path = BLMatterOperationViewController.m; sourceTree = "<group>"; };
		03DECA47184247D0007F6F40 /* BLGlobal.h */ = {isa = PBXFileReference; fileEncoding = 4; lastKnownFileType = sourcecode.c.h; path = BLGlobal.h; sourceTree = "<group>"; };
		03DECA48184247D0007F6F40 /* BLGlobal.m */ = {isa = PBXFileReference; fileEncoding = 4; lastKnownFileType = sourcecode.c.objc; path = BLGlobal.m; sourceTree = "<group>"; };
		03DECA4A184250B8007F6F40 /* BLMatterFormViewController.h */ = {isa = PBXFileReference; fileEncoding = 4; lastKnownFileType = sourcecode.c.h; path = BLMatterFormViewController.h; sourceTree = "<group>"; };
		03DECA4B184250B8007F6F40 /* BLMatterFormViewController.m */ = {isa = PBXFileReference; fileEncoding = 4; lastKnownFileType = sourcecode.c.objc; path = BLMatterFormViewController.m; sourceTree = "<group>"; };
		03DECA4D18425154007F6F40 /* BLMatterOperationService.h */ = {isa = PBXFileReference; fileEncoding = 4; lastKnownFileType = sourcecode.c.h; path = BLMatterOperationService.h; sourceTree = "<group>"; };
		03DECA4E18425154007F6F40 /* BLMatterOperationService.m */ = {isa = PBXFileReference; fileEncoding = 4; lastKnownFileType = sourcecode.c.objc; path = BLMatterOperationService.m; sourceTree = "<group>"; };
		03E253DB1872703700EF9C05 /* BLInfoRegionEntity.h */ = {isa = PBXFileReference; fileEncoding = 4; lastKnownFileType = sourcecode.c.h; path = BLInfoRegionEntity.h; sourceTree = "<group>"; };
		03E253DC1872703700EF9C05 /* BLInfoRegionEntity.m */ = {isa = PBXFileReference; fileEncoding = 4; lastKnownFileType = sourcecode.c.objc; path = BLInfoRegionEntity.m; sourceTree = "<group>"; };
		03E6A94418843F450020F883 /* BLQuickOpinionViewController.h */ = {isa = PBXFileReference; fileEncoding = 4; lastKnownFileType = sourcecode.c.h; path = BLQuickOpinionViewController.h; sourceTree = "<group>"; };
		03E6A94518843F450020F883 /* BLQuickOpinionViewController.m */ = {isa = PBXFileReference; fileEncoding = 4; lastKnownFileType = sourcecode.c.objc; path = BLQuickOpinionViewController.m; sourceTree = "<group>"; };
		03F9BBE71871CA1A00DBD40C /* Read@2x.png */ = {isa = PBXFileReference; lastKnownFileType = image.png; path = "Read@2x.png"; sourceTree = "<group>"; };
		03F9BBE81871CA1A00DBD40C /* new@2x.png */ = {isa = PBXFileReference; lastKnownFileType = image.png; path = "new@2x.png"; sourceTree = "<group>"; };
		03F9BBE91871CA1A00DBD40C /* Todo@2x.png */ = {isa = PBXFileReference; lastKnownFileType = image.png; path = "Todo@2x.png"; sourceTree = "<group>"; };
		03F9BBEA1871CA1A00DBD40C /* Setting@2x.png */ = {isa = PBXFileReference; lastKnownFileType = image.png; path = "Setting@2x.png"; sourceTree = "<group>"; };
		03F9BBEB1871CA1A00DBD40C /* Taken@2x.png */ = {isa = PBXFileReference; lastKnownFileType = image.png; path = "Taken@2x.png"; sourceTree = "<group>"; };
		03F9BBEC1871CA1A00DBD40C /* ToRead@2x.png */ = {isa = PBXFileReference; lastKnownFileType = image.png; path = "ToRead@2x.png"; sourceTree = "<group>"; };
		03F9BBED1871CA1A00DBD40C /* InDoc@2x.png */ = {isa = PBXFileReference; lastKnownFileType = image.png; path = "InDoc@2x.png"; sourceTree = "<group>"; };
		03F9BBEE1871CA1A00DBD40C /* GiveRemark@2x.png */ = {isa = PBXFileReference; lastKnownFileType = image.png; path = "GiveRemark@2x.png"; sourceTree = "<group>"; };
		03F9BBF71871CD2F00DBD40C /* Notifity@2x.png */ = {isa = PBXFileReference; lastKnownFileType = image.png; path = "Notifity@2x.png"; sourceTree = "<group>"; };
/* End PBXFileReference section */

/* Begin PBXFrameworksBuildPhase section */
		036C0FA1183D02AB00C61808 /* Frameworks */ = {
			isa = PBXFrameworksBuildPhase;
			buildActionMask = 2147483647;
			files = (
				03B301DA188ECBB4002781F8 /* CFNetwork.framework in Frameworks */,
				03B301D8188ECBAD002781F8 /* libstdc++.6.0.9.dylib in Frameworks */,
				039BF635185E080A00985B17 /* libZipArchive-ios.a in Frameworks */,
				03B301CE188EC8CE002781F8 /* libSangforSdk_armv7.a in Frameworks */,
				033EA7F7184E2E1D009E29C7 /* libxml2.dylib in Frameworks */,
				033EA7F5184E2E15009E29C7 /* libz.dylib in Frameworks */,
				036C0FAA183D02AB00C61808 /* CoreGraphics.framework in Frameworks */,
				036C0FAC183D02AB00C61808 /* UIKit.framework in Frameworks */,
				036C0FA8183D02AB00C61808 /* Foundation.framework in Frameworks */,
			);
			runOnlyForDeploymentPostprocessing = 0;
		};
		036C0FBC183D02AB00C61808 /* Frameworks */ = {
			isa = PBXFrameworksBuildPhase;
			buildActionMask = 2147483647;
			files = (
				036C0FC1183D02AB00C61808 /* XCTest.framework in Frameworks */,
				036C0FC3183D02AB00C61808 /* UIKit.framework in Frameworks */,
				036C0FC2183D02AB00C61808 /* Foundation.framework in Frameworks */,
			);
			runOnlyForDeploymentPostprocessing = 0;
		};
/* End PBXFrameworksBuildPhase section */

/* Begin PBXGroup section */
		030CD0091841B8E2005A9B58 /* ControllerManager */ = {
			isa = PBXGroup;
			children = (
				030CD00A1841B91B005A9B58 /* BLSplitViewControllerManager.h */,
				030CD00B1841B91B005A9B58 /* BLSplitViewControllerManager.m */,
			);
			path = ControllerManager;
			sourceTree = "<group>";
		};
		033EA7F0184E1A5D009E29C7 /* RaptureXML */ = {
			isa = PBXGroup;
			children = (
				033EA7F1184E1A5D009E29C7 /* RXMLElement.h */,
				033EA7F2184E1A5D009E29C7 /* RXMLElement.m */,
			);
			path = RaptureXML;
			sourceTree = "<group>";
		};
		03588FD3183E4A340067F5D0 /* Controller */ = {
			isa = PBXGroup;
			children = (
				03D2E927183FB6350096E463 /* BLMasterViewController.h */,
				03D2E928183FB6350096E463 /* BLMasterViewController.m */,
				03588FD8183E4A780067F5D0 /* BLBaseMatterListViewController.h */,
				03588FD9183E4A780067F5D0 /* BLBaseMatterListViewController.m */,
				0303D46F1869DD5D00184EED /* BLSegmentMatterListViewController.h */,
				0303D4701869DD5D00184EED /* BLSegmentMatterListViewController.m */,
				03DECA441842434D007F6F40 /* BLMatterOperationViewController.h */,
				03DECA451842434D007F6F40 /* BLMatterOperationViewController.m */,
				03DECA4A184250B8007F6F40 /* BLMatterFormViewController.h */,
				03DECA4B184250B8007F6F40 /* BLMatterFormViewController.m */,
				035C2D361843AA660090E5BA /* BLMainBodyViewController.h */,
				035C2D371843AA660090E5BA /* BLMainBodyViewController.m */,
				03BD17F51844DC44002F2C38 /* BLMatterAttachmentListViewController.h */,
				03BD17F61844DC44002F2C38 /* BLMatterAttachmentListViewController.m */,
				03BD17FB1844EF77002F2C38 /* BLMatterFlowListViewController.h */,
				03BD17FC1844EF77002F2C38 /* BLMatterFlowListViewController.m */,
				03BD17FE1844F2FF002F2C38 /* BLMatterOpinionViewController.h */,
				03BD17FF1844F2FF002F2C38 /* BLMatterOpinionViewController.m */,
				03E6A94418843F450020F883 /* BLQuickOpinionViewController.h */,
				03E6A94518843F450020F883 /* BLQuickOpinionViewController.m */,
				0381BC5318478BDF00DB661D /* BLCommonOpinionViewController.h */,
				0381BC5418478BDF00DB661D /* BLCommonOpinionViewController.m */,
				0381BC561847985400DB661D /* BLManageFollowViewController.h */,
				0381BC571847985400DB661D /* BLManageFollowViewController.m */,
				030D3C601849B0A000E844EA /* BLLoginViewController.h */,
				030D3C611849B0A000E844EA /* BLLoginViewController.m */,
				030D3C691849DE7700E844EA /* BLAppSettingsViewController.h */,
				030D3C6A1849DE7700E844EA /* BLAppSettingsViewController.m */,
				0390A0181855BC6B00EEEEBB /* BLAttachPreviewViewController.h */,
				0390A0191855BC6B00EEEEBB /* BLAttachPreviewViewController.m */,
				038C8EFD186D2DA4007B1B2E /* BLSettingViewController.h */,
				038C8EFE186D2DA4007B1B2E /* BLSettingViewController.m */,
				038C8F05186D38E8007B1B2E /* BLCommonOpinionListViewController.h */,
				038C8F06186D38E8007B1B2E /* BLCommonOpinionListViewController.m */,
				038C8F08186D3D96007B1B2E /* BLAddOpinionViewController.h */,
				038C8F09186D3D96007B1B2E /* BLAddOpinionViewController.m */,
			);
			path = Controller;
			sourceTree = "<group>";
		};
		03588FD4183E4A340067F5D0 /* Entity */ = {
			isa = PBXGroup;
			children = (
				03588FE5183E4F7B0067F5D0 /* BLMatterEntity.h */,
				03588FE6183E4F7B0067F5D0 /* BLMatterEntity.m */,
				0361DE16184F7EF700D33CE6 /* BLFromFieldItemEntity.h */,
				0361DE17184F7EF700D33CE6 /* BLFromFieldItemEntity.m */,
				0323EAD31851E2EA00752172 /* BLAttachEntity.h */,
				0323EAD41851E2EA00752172 /* BLAttachEntity.m */,
				039155FB1861F24800BBFCB2 /* BLMatterFlowEntity.h */,
				039155FC1861F24800BBFCB2 /* BLMatterFlowEntity.m */,
				03E253DB1872703700EF9C05 /* BLInfoRegionEntity.h */,
				03E253DC1872703700EF9C05 /* BLInfoRegionEntity.m */,
				03281656187EE9A800C0FDB7 /* BLContextEntity.h */,
				03281657187EE9A800C0FDB7 /* BLContextEntity.m */,
			);
			path = Entity;
			sourceTree = "<group>";
		};
		03588FD5183E4A340067F5D0 /* Logic */ = {
			isa = PBXGroup;
			children = (
				03588FE2183E4B830067F5D0 /* BLMatterInfoHTTPLogic.h */,
				03588FE3183E4B830067F5D0 /* BLMatterInfoHTTPLogic.m */,
				030D3C661849B30A00E844EA /* BLUserHTTPLogic.h */,
				030D3C671849B30A00E844EA /* BLUserHTTPLogic.m */,
				0341733A185A1637003597D4 /* BLMatterOperationHTTPLogic.h */,
				0341733B185A1637003597D4 /* BLMatterOperationHTTPLogic.m */,
			);
			path = Logic;
			sourceTree = "<group>";
		};
		03588FD6183E4A340067F5D0 /* Service */ = {
			isa = PBXGroup;
			children = (
				03588FDF183E4B620067F5D0 /* BLMatterInfoService.h */,
				03588FE0183E4B620067F5D0 /* BLMatterInfoService.m */,
				03DECA4D18425154007F6F40 /* BLMatterOperationService.h */,
				03DECA4E18425154007F6F40 /* BLMatterOperationService.m */,
				030D3C631849B2F000E844EA /* BLUserService.h */,
				030D3C641849B2F000E844EA /* BLUserService.m */,
				03844F95186456610028BF80 /* BLAttachManageService.h */,
				03844F96186456610028BF80 /* BLAttachManageService.m */,
			);
			path = Service;
			sourceTree = "<group>";
		};
		03588FD7183E4A340067F5D0 /* Util */ = {
			isa = PBXGroup;
			children = (
				03DECA47184247D0007F6F40 /* BLGlobal.h */,
				03DECA48184247D0007F6F40 /* BLGlobal.m */,
			);
			path = Util;
			sourceTree = "<group>";
		};
		03588FDB183E4AA30067F5D0 /* View */ = {
			isa = PBXGroup;
			children = (
				03588FDC183E4AED0067F5D0 /* BLBaseMatterCell.h */,
				03588FDD183E4AED0067F5D0 /* BLBaseMatterCell.m */,
				03BD17F81844DC8F002F2C38 /* BLMatterAttachmentCell.h */,
				03BD17F91844DC8F002F2C38 /* BLMatterAttachmentCell.m */,
				039156021861F6B900BBFCB2 /* BLMatterFlowCell.h */,
				039156031861F6B900BBFCB2 /* BLMatterFlowCell.m */,
			);
			path = View;
			sourceTree = "<group>";
		};
		036C0F9B183D02AB00C61808 = {
			isa = PBXGroup;
			children = (
				036C0FAD183D02AB00C61808 /* BaoLiOA */,
				036C0FC6183D02AB00C61808 /* BaoLiOATests */,
				036C0FA6183D02AB00C61808 /* Frameworks */,
				036C0FA5183D02AB00C61808 /* Products */,
			);
			sourceTree = "<group>";
		};
		036C0FA5183D02AB00C61808 /* Products */ = {
			isa = PBXGroup;
			children = (
				036C0FA4183D02AB00C61808 /* BaoLiOA.app */,
				036C0FBF183D02AB00C61808 /* BaoLiOATests.xctest */,
			);
			name = Products;
			sourceTree = "<group>";
		};
		036C0FA6183D02AB00C61808 /* Frameworks */ = {
			isa = PBXGroup;
			children = (
				03B301D9188ECBB4002781F8 /* CFNetwork.framework */,
				03B301D7188ECBAD002781F8 /* libstdc++.6.0.9.dylib */,
				033EA7F6184E2E1D009E29C7 /* libxml2.dylib */,
				033EA7F4184E2E15009E29C7 /* libz.dylib */,
				036C0FA7183D02AB00C61808 /* Foundation.framework */,
				036C0FA9183D02AB00C61808 /* CoreGraphics.framework */,
				036C0FAB183D02AB00C61808 /* UIKit.framework */,
				036C0FC0183D02AB00C61808 /* XCTest.framework */,
			);
			name = Frameworks;
			sourceTree = "<group>";
		};
		036C0FAD183D02AB00C61808 /* BaoLiOA */ = {
			isa = PBXGroup;
			children = (
				03F9BBD11871C9B700DBD40C /* Resource */,
				030CD0091841B8E2005A9B58 /* ControllerManager */,
				03588FDB183E4AA30067F5D0 /* View */,
				03588FD3183E4A340067F5D0 /* Controller */,
				03588FD4183E4A340067F5D0 /* Entity */,
				03588FD5183E4A340067F5D0 /* Logic */,
				03588FD6183E4A340067F5D0 /* Service */,
				03588FD7183E4A340067F5D0 /* Util */,
				036C0FD8183D05AD00C61808 /* Lib */,
				036C0FB6183D02AB00C61808 /* BLAppDelegate.h */,
				036C0FB7183D02AB00C61808 /* BLAppDelegate.m */,
				036C0FB9183D02AB00C61808 /* Images.xcassets */,
				036C0FAE183D02AB00C61808 /* Supporting Files */,
				036C0FD6183D031200C61808 /* Main.storyboard */,
			);
			path = BaoLiOA;
			sourceTree = "<group>";
		};
		036C0FAE183D02AB00C61808 /* Supporting Files */ = {
			isa = PBXGroup;
			children = (
				036C0FAF183D02AB00C61808 /* BaoLiOA-Info.plist */,
				036C0FB0183D02AB00C61808 /* InfoPlist.strings */,
				036C0FB3183D02AB00C61808 /* main.m */,
				036C0FB5183D02AB00C61808 /* BaoLiOA-Prefix.pch */,
			);
			name = "Supporting Files";
			sourceTree = "<group>";
		};
		036C0FC6183D02AB00C61808 /* BaoLiOATests */ = {
			isa = PBXGroup;
			children = (
				036C0FCC183D02AB00C61808 /* BaoLiOATests.m */,
				036C0FC7183D02AB00C61808 /* Supporting Files */,
			);
			path = BaoLiOATests;
			sourceTree = "<group>";
		};
		036C0FC7183D02AB00C61808 /* Supporting Files */ = {
			isa = PBXGroup;
			children = (
				036C0FC8183D02AB00C61808 /* BaoLiOATests-Info.plist */,
				036C0FC9183D02AB00C61808 /* InfoPlist.strings */,
			);
			name = "Supporting Files";
			sourceTree = "<group>";
		};
		036C0FD8183D05AD00C61808 /* Lib */ = {
			isa = PBXGroup;
			children = (
				03B301C6188EC8CE002781F8 /* EasyAppVPN */,
				03C26F6F188D7B69007214BC /* GTMBase64 */,
				03B0E0AB186995CF007B2C8E /* GUtil */,
				0398DCCA18684DBF00980CE4 /* MBProgressHUD */,
				0398DCC218684D3D00980CE4 /* GViewController */,
				039BF5B7185DF9B900985B17 /* ZipArchive */,
				033EA7F0184E1A5D009E29C7 /* RaptureXML */,
				036C0FD9183D05AD00C61808 /* AFNetworking */,
			);
			path = Lib;
			sourceTree = "<group>";
		};
		036C0FD9183D05AD00C61808 /* AFNetworking */ = {
			isa = PBXGroup;
			children = (
				036C0FDA183D05AD00C61808 /* AFHTTPRequestOperation.h */,
				036C0FDB183D05AD00C61808 /* AFHTTPRequestOperation.m */,
				036C0FDC183D05AD00C61808 /* AFHTTPRequestOperationManager.h */,
				036C0FDD183D05AD00C61808 /* AFHTTPRequestOperationManager.m */,
				036C0FDE183D05AD00C61808 /* AFHTTPSessionManager.h */,
				036C0FDF183D05AD00C61808 /* AFHTTPSessionManager.m */,
				036C0FE0183D05AD00C61808 /* AFNetworking.h */,
				036C0FE1183D05AD00C61808 /* AFNetworkReachabilityManager.h */,
				036C0FE2183D05AD00C61808 /* AFNetworkReachabilityManager.m */,
				036C0FE3183D05AD00C61808 /* AFSecurityPolicy.h */,
				036C0FE4183D05AD00C61808 /* AFSecurityPolicy.m */,
				036C0FE5183D05AD00C61808 /* AFURLConnectionOperation.h */,
				036C0FE6183D05AD00C61808 /* AFURLConnectionOperation.m */,
				036C0FE7183D05AD00C61808 /* AFURLRequestSerialization.h */,
				036C0FE8183D05AD00C61808 /* AFURLRequestSerialization.m */,
				036C0FE9183D05AD00C61808 /* AFURLResponseSerialization.h */,
				036C0FEA183D05AD00C61808 /* AFURLResponseSerialization.m */,
				036C0FEB183D05AD00C61808 /* AFURLSessionManager.h */,
				036C0FEC183D05AD00C61808 /* AFURLSessionManager.m */,
			);
			path = AFNetworking;
			sourceTree = "<group>";
		};
		0398DCC218684D3D00980CE4 /* GViewController */ = {
			isa = PBXGroup;
			children = (
				0398DCC318684D3D00980CE4 /* UIViewController+GViewController.h */,
				0398DCC418684D3D00980CE4 /* UIViewController+GViewController.m */,
			);
			path = GViewController;
			sourceTree = "<group>";
		};
		0398DCCA18684DBF00980CE4 /* MBProgressHUD */ = {
			isa = PBXGroup;
			children = (
				0398DCCB18684DBF00980CE4 /* MBProgressHUD.h */,
				0398DCCC18684DBF00980CE4 /* MBProgressHUD.m */,
			);
			path = MBProgressHUD;
			sourceTree = "<group>";
		};
		039BF5B7185DF9B900985B17 /* ZipArchive */ = {
			isa = PBXGroup;
			children = (
				039BF5DA185E077E00985B17 /* ZipArchive */,
			);
			path = ZipArchive;
			sourceTree = "<group>";
		};
		039BF5DA185E077E00985B17 /* ZipArchive */ = {
			isa = PBXGroup;
			children = (
				039BF5DB185E077E00985B17 /* CHANGELOG.md */,
				039BF5DC185E077E00985B17 /* Doxyfile */,
				039BF5DD185E077E00985B17 /* LICENSE */,
				039BF5DE185E077E00985B17 /* minizip */,
				039BF5EF185E077E00985B17 /* README.md */,
				039BF5F0185E077E00985B17 /* ZipArchive */,
				039BF609185E077F00985B17 /* ZipArchive.h */,
				039BF60A185E077F00985B17 /* ZipArchive.m */,
				039BF60B185E077F00985B17 /* ZipArchive.podspec */,
			);
			name = ZipArchive;
			sourceTree = "<group>";
		};
		039BF5DE185E077E00985B17 /* minizip */ = {
			isa = PBXGroup;
			children = (
				039BF5DF185E077E00985B17 /* ChangeLogUnzip */,
				039BF5E0185E077E00985B17 /* crypt.h */,
				039BF5E1185E077E00985B17 /* ioapi.c */,
				039BF5E2185E077E00985B17 /* ioapi.h */,
				039BF5E3185E077E00985B17 /* make_vms.com */,
				039BF5E4185E077E00985B17 /* Makefile */,
				039BF5E5185E077E00985B17 /* miniunz.c */,
				039BF5E6185E077E00985B17 /* minizip.c */,
				039BF5E7185E077E00985B17 /* MiniZip64_Changes.txt */,
				039BF5E8185E077E00985B17 /* MiniZip64_info.txt */,
				039BF5E9185E077E00985B17 /* mztools.c */,
				039BF5EA185E077E00985B17 /* mztools.h */,
				039BF5EB185E077E00985B17 /* unzip.c */,
				039BF5EC185E077E00985B17 /* unzip.h */,
				039BF5ED185E077E00985B17 /* zip.c */,
				039BF5EE185E077E00985B17 /* zip.h */,
			);
			path = minizip;
			sourceTree = "<group>";
		};
		039BF5F0185E077E00985B17 /* ZipArchive */ = {
			isa = PBXGroup;
			children = (
				039BF5F1185E077F00985B17 /* tests */,
				039BF5FB185E077F00985B17 /* ZipArchive ios Tests */,
				039BF600185E077F00985B17 /* ZipArchive mac Tests */,
				039BF605185E077F00985B17 /* ZipArchive.xcodeproj */,
				039BF608185E077F00985B17 /* ZipArchive_Prefix.pch */,
			);
			path = ZipArchive;
			sourceTree = "<group>";
		};
		039BF5F1185E077F00985B17 /* tests */ = {
			isa = PBXGroup;
			children = (
				039BF5F2185E077F00985B17 /* InfoPlist.strings */,
				039BF5F4185E077F00985B17 /* test-files */,
				039BF5F7185E077F00985B17 /* tests-Info.plist */,
				039BF5F8185E077F00985B17 /* tests-Prefix.pch */,
				039BF5F9185E077F00985B17 /* tests.h */,
				039BF5FA185E077F00985B17 /* tests.m */,
			);
			path = tests;
			sourceTree = "<group>";
		};
		039BF5F4185E077F00985B17 /* test-files */ = {
			isa = PBXGroup;
			children = (
				039BF5F5185E077F00985B17 /* V3.png */,
				039BF5F6185E077F00985B17 /* V3.xml */,
			);
			path = "test-files";
			sourceTree = "<group>";
		};
		039BF5FB185E077F00985B17 /* ZipArchive ios Tests */ = {
			isa = PBXGroup;
			children = (
				039BF5FC185E077F00985B17 /* InfoPlist.strings */,
				039BF5FE185E077F00985B17 /* ZipArchive ios Tests-Info.plist */,
				039BF5FF185E077F00985B17 /* ZipArchive ios Tests-Prefix.pch */,
			);
			path = "ZipArchive ios Tests";
			sourceTree = "<group>";
		};
		039BF600185E077F00985B17 /* ZipArchive mac Tests */ = {
			isa = PBXGroup;
			children = (
				039BF601185E077F00985B17 /* InfoPlist.strings */,
				039BF603185E077F00985B17 /* ZipArchive mac Tests-Info.plist */,
				039BF604185E077F00985B17 /* ZipArchive mac Tests-Prefix.pch */,
			);
			path = "ZipArchive mac Tests";
			sourceTree = "<group>";
		};
		039BF606185E077F00985B17 /* Products */ = {
			isa = PBXGroup;
			children = (
				039BF62C185E077F00985B17 /* libZipArchive-ios.a */,
				039BF62E185E077F00985B17 /* libZipArchive-mac.a */,
				039BF630185E077F00985B17 /* ZipArchive ios Tests.xctest */,
				039BF632185E077F00985B17 /* ZipArchive mac Tests.xctest */,
			);
			name = Products;
			sourceTree = "<group>";
		};
		03B0E0AB186995CF007B2C8E /* GUtil */ = {
			isa = PBXGroup;
			children = (
				03B0E0AC186995CF007B2C8E /* NSArray+GArray.h */,
				03B0E0AD186995CF007B2C8E /* NSArray+GArray.m */,
			);
			path = GUtil;
			sourceTree = "<group>";
		};
		03B301C6188EC8CE002781F8 /* EasyAppVPN */ = {
			isa = PBXGroup;
			children = (
				03B301C9188EC8CE002781F8 /* libSangforSdk_armv7.a */,
				03B301CA188EC8CE002781F8 /* sdkheader.h */,
				03B301CB188EC8CE002781F8 /* svpn.h */,
				03B301CC188EC8CE002781F8 /* svpnnb.h */,
			);
			path = EasyAppVPN;
			sourceTree = "<group>";
		};
		03C26F6F188D7B69007214BC /* GTMBase64 */ = {
			isa = PBXGroup;
			children = (
				03C26F70188D7B69007214BC /* GTMBase64.h */,
				03C26F71188D7B69007214BC /* GTMBase64.m */,
				03C26F72188D7B69007214BC /* GTMDefines.h */,
			);
			path = GTMBase64;
			sourceTree = "<group>";
		};
		03F9BBD11871C9B700DBD40C /* Resource */ = {
			isa = PBXGroup;
			children = (
				03F9BBD21871C9B700DBD40C /* AppImage */,
			);
			path = Resource;
			sourceTree = "<group>";
		};
		03F9BBD21871C9B700DBD40C /* AppImage */ = {
			isa = PBXGroup;
			children = (
				03281654187EDF8500C0FDB7 /* logo_m_32@2x.png */,
				03A85B7E187C583F00DD43FD /* logo_80@2x.png */,
				03A85B78187C571A00DD43FD /* bg_login_s@2x.png */,
				036DEC5618769A2300817F80 /* OTHER@2x.png */,
				036DEC5718769A2300817F80 /* P@2x.png */,
				036DEC5818769A2300817F80 /* PDF@2x.png */,
				036DEC5918769A2300817F80 /* S@2x.png */,
				036DEC5A18769A2300817F80 /* W@2x.png */,
				0360E5DF18756907007CC623 /* bg_login@2x.png */,
				03F9BBF71871CD2F00DBD40C /* Notifity@2x.png */,
				03F9BBE71871CA1A00DBD40C /* Read@2x.png */,
				03F9BBE81871CA1A00DBD40C /* new@2x.png */,
				03F9BBE91871CA1A00DBD40C /* Todo@2x.png */,
				03F9BBEA1871CA1A00DBD40C /* Setting@2x.png */,
				03F9BBEB1871CA1A00DBD40C /* Taken@2x.png */,
				03F9BBEC1871CA1A00DBD40C /* ToRead@2x.png */,
				03F9BBED1871CA1A00DBD40C /* InDoc@2x.png */,
				03F9BBEE1871CA1A00DBD40C /* GiveRemark@2x.png */,
			);
			path = AppImage;
			sourceTree = "<group>";
		};
/* End PBXGroup section */

/* Begin PBXNativeTarget section */
		036C0FA3183D02AB00C61808 /* BaoLiOA */ = {
			isa = PBXNativeTarget;
			buildConfigurationList = 036C0FD0183D02AB00C61808 /* Build configuration list for PBXNativeTarget "BaoLiOA" */;
			buildPhases = (
				036C0FA0183D02AB00C61808 /* Sources */,
				036C0FA1183D02AB00C61808 /* Frameworks */,
				036C0FA2183D02AB00C61808 /* Resources */,
			);
			buildRules = (
			);
			dependencies = (
				039BF634185E07F200985B17 /* PBXTargetDependency */,
			);
			name = BaoLiOA;
			productName = BaoLiOA;
			productReference = 036C0FA4183D02AB00C61808 /* BaoLiOA.app */;
			productType = "com.apple.product-type.application";
		};
		036C0FBE183D02AB00C61808 /* BaoLiOATests */ = {
			isa = PBXNativeTarget;
			buildConfigurationList = 036C0FD3183D02AB00C61808 /* Build configuration list for PBXNativeTarget "BaoLiOATests" */;
			buildPhases = (
				036C0FBB183D02AB00C61808 /* Sources */,
				036C0FBC183D02AB00C61808 /* Frameworks */,
				036C0FBD183D02AB00C61808 /* Resources */,
			);
			buildRules = (
			);
			dependencies = (
				036C0FC5183D02AB00C61808 /* PBXTargetDependency */,
			);
			name = BaoLiOATests;
			productName = BaoLiOATests;
			productReference = 036C0FBF183D02AB00C61808 /* BaoLiOATests.xctest */;
			productType = "com.apple.product-type.bundle.unit-test";
		};
/* End PBXNativeTarget section */

/* Begin PBXProject section */
		036C0F9C183D02AB00C61808 /* Project object */ = {
			isa = PBXProject;
			attributes = {
				CLASSPREFIX = BL;
				LastUpgradeCheck = 0500;
				ORGANIZATIONNAME = "Liu Feng";
				TargetAttributes = {
					036C0FA3183D02AB00C61808 = {
						DevelopmentTeam = ZZAGTE8AU9;
						SystemCapabilities = {
							com.apple.InterAppAudio = {
								enabled = 0;
							};
						};
					};
					036C0FBE183D02AB00C61808 = {
						TestTargetID = 036C0FA3183D02AB00C61808;
					};
				};
			};
			buildConfigurationList = 036C0F9F183D02AB00C61808 /* Build configuration list for PBXProject "BaoLiOA" */;
			compatibilityVersion = "Xcode 3.2";
			developmentRegion = English;
			hasScannedForEncodings = 0;
			knownRegions = (
				en,
			);
			mainGroup = 036C0F9B183D02AB00C61808;
			productRefGroup = 036C0FA5183D02AB00C61808 /* Products */;
			projectDirPath = "";
			projectReferences = (
				{
					ProductGroup = 039BF606185E077F00985B17 /* Products */;
					ProjectRef = 039BF605185E077F00985B17 /* ZipArchive.xcodeproj */;
				},
			);
			projectRoot = "";
			targets = (
				036C0FA3183D02AB00C61808 /* BaoLiOA */,
				036C0FBE183D02AB00C61808 /* BaoLiOATests */,
			);
		};
/* End PBXProject section */

/* Begin PBXReferenceProxy section */
		039BF62C185E077F00985B17 /* libZipArchive-ios.a */ = {
			isa = PBXReferenceProxy;
			fileType = archive.ar;
			path = "libZipArchive-ios.a";
			remoteRef = 039BF62B185E077F00985B17 /* PBXContainerItemProxy */;
			sourceTree = BUILT_PRODUCTS_DIR;
		};
		039BF62E185E077F00985B17 /* libZipArchive-mac.a */ = {
			isa = PBXReferenceProxy;
			fileType = archive.ar;
			path = "libZipArchive-mac.a";
			remoteRef = 039BF62D185E077F00985B17 /* PBXContainerItemProxy */;
			sourceTree = BUILT_PRODUCTS_DIR;
		};
		039BF630185E077F00985B17 /* ZipArchive ios Tests.xctest */ = {
			isa = PBXReferenceProxy;
			fileType = wrapper.cfbundle;
			path = "ZipArchive ios Tests.xctest";
			remoteRef = 039BF62F185E077F00985B17 /* PBXContainerItemProxy */;
			sourceTree = BUILT_PRODUCTS_DIR;
		};
		039BF632185E077F00985B17 /* ZipArchive mac Tests.xctest */ = {
			isa = PBXReferenceProxy;
			fileType = wrapper.cfbundle;
			path = "ZipArchive mac Tests.xctest";
			remoteRef = 039BF631185E077F00985B17 /* PBXContainerItemProxy */;
			sourceTree = BUILT_PRODUCTS_DIR;
		};
/* End PBXReferenceProxy section */

/* Begin PBXResourcesBuildPhase section */
		036C0FA2183D02AB00C61808 /* Resources */ = {
			isa = PBXResourcesBuildPhase;
			buildActionMask = 2147483647;
			files = (
				039BF61C185E077F00985B17 /* V3.png in Resources */,
				036DEC5E18769A2300817F80 /* S@2x.png in Resources */,
				039BF620185E077F00985B17 /* InfoPlist.strings in Resources */,
				03A85B7F187C583F00DD43FD /* logo_80@2x.png in Resources */,
				039BF60E185E077F00985B17 /* LICENSE in Resources */,
				03281655187EDF8500C0FDB7 /* logo_m_32@2x.png in Resources */,
				036DEC5B18769A2300817F80 /* OTHER@2x.png in Resources */,
				039BF61B185E077F00985B17 /* InfoPlist.strings in Resources */,
				039BF60D185E077F00985B17 /* Doxyfile in Resources */,
				0360E5E018756907007CC623 /* bg_login@2x.png in Resources */,
				036DEC5F18769A2300817F80 /* W@2x.png in Resources */,
				03A85B79187C571A00DD43FD /* bg_login_s@2x.png in Resources */,
				036C0FD7183D031200C61808 /* Main.storyboard in Resources */,
				036DEC5C18769A2300817F80 /* P@2x.png in Resources */,
				039BF616185E077F00985B17 /* MiniZip64_info.txt in Resources */,
				03F9BBF61871CA1A00DBD40C /* GiveRemark@2x.png in Resources */,
				03F9BBF81871CD2F00DBD40C /* Notifity@2x.png in Resources */,
				03F9BBF41871CA1A00DBD40C /* ToRead@2x.png in Resources */,
				03F9BBF01871CA1A00DBD40C /* new@2x.png in Resources */,
				039BF622185E077F00985B17 /* InfoPlist.strings in Resources */,
				036DEC5D18769A2300817F80 /* PDF@2x.png in Resources */,
				03F9BBF21871CA1A00DBD40C /* Setting@2x.png in Resources */,
				036C0FB2183D02AB00C61808 /* InfoPlist.strings in Resources */,
				039BF611185E077F00985B17 /* make_vms.com in Resources */,
				039BF615185E077F00985B17 /* MiniZip64_Changes.txt in Resources */,
				039BF625185E077F00985B17 /* ZipArchive.podspec in Resources */,
				036C0FBA183D02AB00C61808 /* Images.xcassets in Resources */,
				039BF60F185E077F00985B17 /* ChangeLogUnzip in Resources */,
				039BF61A185E077F00985B17 /* README.md in Resources */,
				039BF61D185E077F00985B17 /* V3.xml in Resources */,
				03F9BBF31871CA1A00DBD40C /* Taken@2x.png in Resources */,
				03F9BBF11871CA1A00DBD40C /* Todo@2x.png in Resources */,
				03F9BBF51871CA1A00DBD40C /* InDoc@2x.png in Resources */,
				039BF60C185E077F00985B17 /* CHANGELOG.md in Resources */,
				039BF621185E077F00985B17 /* ZipArchive ios Tests-Info.plist in Resources */,
				039BF623185E077F00985B17 /* ZipArchive mac Tests-Info.plist in Resources */,
				039BF61E185E077F00985B17 /* tests-Info.plist in Resources */,
				03F9BBEF1871CA1A00DBD40C /* Read@2x.png in Resources */,
			);
			runOnlyForDeploymentPostprocessing = 0;
		};
		036C0FBD183D02AB00C61808 /* Resources */ = {
			isa = PBXResourcesBuildPhase;
			buildActionMask = 2147483647;
			files = (
				036C0FCB183D02AB00C61808 /* InfoPlist.strings in Resources */,
			);
			runOnlyForDeploymentPostprocessing = 0;
		};
/* End PBXResourcesBuildPhase section */

/* Begin PBXSourcesBuildPhase section */
		036C0FA0183D02AB00C61808 /* Sources */ = {
			isa = PBXSourcesBuildPhase;
			buildActionMask = 2147483647;
			files = (
				03BD17F71844DC44002F2C38 /* BLMatterAttachmentListViewController.m in Sources */,
				0341733C185A1637003597D4 /* BLMatterOperationHTTPLogic.m in Sources */,
				035C2D381843AA660090E5BA /* BLMainBodyViewController.m in Sources */,
				03E253DD1872703700EF9C05 /* BLInfoRegionEntity.m in Sources */,
				03588FE1183E4B620067F5D0 /* BLMatterInfoService.m in Sources */,
				0303D4711869DD5D00184EED /* BLSegmentMatterListViewController.m in Sources */,
				03DECA4F18425154007F6F40 /* BLMatterOperationService.m in Sources */,
				039BF619185E077F00985B17 /* zip.c in Sources */,
				0398DCCD18684DBF00980CE4 /* MBProgressHUD.m in Sources */,
				0390A01A1855BC6B00EEEEBB /* BLAttachPreviewViewController.m in Sources */,
				039155FD1861F24800BBFCB2 /* BLMatterFlowEntity.m in Sources */,
				036C0FF3183D05AD00C61808 /* AFURLRequestSerialization.m in Sources */,
				03B0E0AE186995CF007B2C8E /* NSArray+GArray.m in Sources */,
				03DECA49184247D0007F6F40 /* BLGlobal.m in Sources */,
				039BF624185E077F00985B17 /* ZipArchive.m in Sources */,
				0381BC581847985400DB661D /* BLManageFollowViewController.m in Sources */,
				036C0FF2183D05AD00C61808 /* AFURLConnectionOperation.m in Sources */,
				03E6A94618843F450020F883 /* BLQuickOpinionViewController.m in Sources */,
				030D3C6B1849DE7700E844EA /* BLAppSettingsViewController.m in Sources */,
				03C26F73188D7B69007214BC /* GTMBase64.m in Sources */,
				039BF612185E077F00985B17 /* Makefile in Sources */,
				039156041861F6B900BBFCB2 /* BLMatterFlowCell.m in Sources */,
				03588FE7183E4F7B0067F5D0 /* BLMatterEntity.m in Sources */,
				036C0FF1183D05AD00C61808 /* AFSecurityPolicy.m in Sources */,
				03DECA4C184250B8007F6F40 /* BLMatterFormViewController.m in Sources */,
				033EA7F3184E1A5D009E29C7 /* RXMLElement.m in Sources */,
				03D2E929183FB6350096E463 /* BLMasterViewController.m in Sources */,
				030D3C681849B30A00E844EA /* BLUserHTTPLogic.m in Sources */,
				03588FDE183E4AED0067F5D0 /* BLBaseMatterCell.m in Sources */,
				038C8F07186D38E8007B1B2E /* BLCommonOpinionListViewController.m in Sources */,
				03BD18001844F2FF002F2C38 /* BLMatterOpinionViewController.m in Sources */,
				036C0FED183D05AD00C61808 /* AFHTTPRequestOperation.m in Sources */,
				039BF610185E077F00985B17 /* ioapi.c in Sources */,
				0361DE18184F7EF700D33CE6 /* BLFromFieldItemEntity.m in Sources */,
				03BD17FD1844EF77002F2C38 /* BLMatterFlowListViewController.m in Sources */,
				038C8EFF186D2DA4007B1B2E /* BLSettingViewController.m in Sources */,
				03DECA461842434D007F6F40 /* BLMatterOperationViewController.m in Sources */,
				036C0FF5183D05AD00C61808 /* AFURLSessionManager.m in Sources */,
				03844F97186456610028BF80 /* BLAttachManageService.m in Sources */,
				036C0FF4183D05AD00C61808 /* AFURLResponseSerialization.m in Sources */,
				039BF617185E077F00985B17 /* mztools.c in Sources */,
				0323EAD51851E2EA00752172 /* BLAttachEntity.m in Sources */,
				036C0FB8183D02AB00C61808 /* BLAppDelegate.m in Sources */,
				03588FE4183E4B830067F5D0 /* BLMatterInfoHTTPLogic.m in Sources */,
				036C0FEF183D05AD00C61808 /* AFHTTPSessionManager.m in Sources */,
				030D3C621849B0A000E844EA /* BLLoginViewController.m in Sources */,
				03281658187EE9A800C0FDB7 /* BLContextEntity.m in Sources */,
				038C8F0A186D3D96007B1B2E /* BLAddOpinionViewController.m in Sources */,
				030D3C651849B2F000E844EA /* BLUserService.m in Sources */,
				036C0FEE183D05AD00C61808 /* AFHTTPRequestOperationManager.m in Sources */,
				03588FDA183E4A780067F5D0 /* BLBaseMatterListViewController.m in Sources */,
				030CD00C1841B91B005A9B58 /* BLSplitViewControllerManager.m in Sources */,
				036C0FF0183D05AD00C61808 /* AFNetworkReachabilityManager.m in Sources */,
				036C0FB4183D02AB00C61808 /* main.m in Sources */,
				0398DCC518684D3D00980CE4 /* UIViewController+GViewController.m in Sources */,
				03BD17FA1844DC8F002F2C38 /* BLMatterAttachmentCell.m in Sources */,
				039BF618185E077F00985B17 /* unzip.c in Sources */,
				0381BC5518478BDF00DB661D /* BLCommonOpinionViewController.m in Sources */,
			);
			runOnlyForDeploymentPostprocessing = 0;
		};
		036C0FBB183D02AB00C61808 /* Sources */ = {
			isa = PBXSourcesBuildPhase;
			buildActionMask = 2147483647;
			files = (
				036C0FCD183D02AB00C61808 /* BaoLiOATests.m in Sources */,
			);
			runOnlyForDeploymentPostprocessing = 0;
		};
/* End PBXSourcesBuildPhase section */

/* Begin PBXTargetDependency section */
		036C0FC5183D02AB00C61808 /* PBXTargetDependency */ = {
			isa = PBXTargetDependency;
			target = 036C0FA3183D02AB00C61808 /* BaoLiOA */;
			targetProxy = 036C0FC4183D02AB00C61808 /* PBXContainerItemProxy */;
		};
		039BF634185E07F200985B17 /* PBXTargetDependency */ = {
			isa = PBXTargetDependency;
			name = "ZipArchive ios";
			targetProxy = 039BF633185E07F200985B17 /* PBXContainerItemProxy */;
		};
/* End PBXTargetDependency section */

/* Begin PBXVariantGroup section */
		036C0FB0183D02AB00C61808 /* InfoPlist.strings */ = {
			isa = PBXVariantGroup;
			children = (
				036C0FB1183D02AB00C61808 /* en */,
			);
			name = InfoPlist.strings;
			sourceTree = "<group>";
		};
		036C0FC9183D02AB00C61808 /* InfoPlist.strings */ = {
			isa = PBXVariantGroup;
			children = (
				036C0FCA183D02AB00C61808 /* en */,
			);
			name = InfoPlist.strings;
			sourceTree = "<group>";
		};
		039BF5F2185E077F00985B17 /* InfoPlist.strings */ = {
			isa = PBXVariantGroup;
			children = (
				039BF5F3185E077F00985B17 /* en */,
			);
			name = InfoPlist.strings;
			sourceTree = "<group>";
		};
		039BF5FC185E077F00985B17 /* InfoPlist.strings */ = {
			isa = PBXVariantGroup;
			children = (
				039BF5FD185E077F00985B17 /* en */,
			);
			name = InfoPlist.strings;
			sourceTree = "<group>";
		};
		039BF601185E077F00985B17 /* InfoPlist.strings */ = {
			isa = PBXVariantGroup;
			children = (
				039BF602185E077F00985B17 /* en */,
			);
			name = InfoPlist.strings;
			sourceTree = "<group>";
		};
/* End PBXVariantGroup section */

/* Begin XCBuildConfiguration section */
		036C0FCE183D02AB00C61808 /* Debug */ = {
			isa = XCBuildConfiguration;
			buildSettings = {
				ALWAYS_SEARCH_USER_PATHS = NO;
				ARCHS = "$(ARCHS_STANDARD_INCLUDING_64_BIT)";
				CLANG_CXX_LANGUAGE_STANDARD = "gnu++0x";
				CLANG_CXX_LIBRARY = "libc++";
				CLANG_ENABLE_MODULES = YES;
				CLANG_ENABLE_OBJC_ARC = YES;
				CLANG_WARN_BOOL_CONVERSION = YES;
				CLANG_WARN_CONSTANT_CONVERSION = YES;
				CLANG_WARN_DIRECT_OBJC_ISA_USAGE = YES_ERROR;
				CLANG_WARN_EMPTY_BODY = YES;
				CLANG_WARN_ENUM_CONVERSION = YES;
				CLANG_WARN_INT_CONVERSION = YES;
				CLANG_WARN_OBJC_ROOT_CLASS = YES_ERROR;
				CLANG_WARN__DUPLICATE_METHOD_MATCH = YES;
				"CODE_SIGN_IDENTITY[sdk=iphoneos*]" = "iPhone Developer";
				COPY_PHASE_STRIP = NO;
				GCC_C_LANGUAGE_STANDARD = gnu99;
				GCC_DYNAMIC_NO_PIC = NO;
				GCC_OPTIMIZATION_LEVEL = 0;
				GCC_PREPROCESSOR_DEFINITIONS = (
					"DEBUG=1",
					"$(inherited)",
				);
				GCC_SYMBOLS_PRIVATE_EXTERN = NO;
				GCC_WARN_64_TO_32_BIT_CONVERSION = YES;
				GCC_WARN_ABOUT_RETURN_TYPE = YES_ERROR;
				GCC_WARN_UNDECLARED_SELECTOR = YES;
				GCC_WARN_UNINITIALIZED_AUTOS = YES;
				GCC_WARN_UNUSED_FUNCTION = YES;
				GCC_WARN_UNUSED_VARIABLE = YES;
				IPHONEOS_DEPLOYMENT_TARGET = 7.0;
				ONLY_ACTIVE_ARCH = YES;
				SDKROOT = iphoneos;
				TARGETED_DEVICE_FAMILY = 2;
			};
			name = Debug;
		};
		036C0FCF183D02AB00C61808 /* Release */ = {
			isa = XCBuildConfiguration;
			buildSettings = {
				ALWAYS_SEARCH_USER_PATHS = NO;
				ARCHS = "$(ARCHS_STANDARD_INCLUDING_64_BIT)";
				CLANG_CXX_LANGUAGE_STANDARD = "gnu++0x";
				CLANG_CXX_LIBRARY = "libc++";
				CLANG_ENABLE_MODULES = YES;
				CLANG_ENABLE_OBJC_ARC = YES;
				CLANG_WARN_BOOL_CONVERSION = YES;
				CLANG_WARN_CONSTANT_CONVERSION = YES;
				CLANG_WARN_DIRECT_OBJC_ISA_USAGE = YES_ERROR;
				CLANG_WARN_EMPTY_BODY = YES;
				CLANG_WARN_ENUM_CONVERSION = YES;
				CLANG_WARN_INT_CONVERSION = YES;
				CLANG_WARN_OBJC_ROOT_CLASS = YES_ERROR;
				CLANG_WARN__DUPLICATE_METHOD_MATCH = YES;
				"CODE_SIGN_IDENTITY[sdk=iphoneos*]" = "iPhone Developer";
				COPY_PHASE_STRIP = YES;
				ENABLE_NS_ASSERTIONS = NO;
				GCC_C_LANGUAGE_STANDARD = gnu99;
				GCC_WARN_64_TO_32_BIT_CONVERSION = YES;
				GCC_WARN_ABOUT_RETURN_TYPE = YES_ERROR;
				GCC_WARN_UNDECLARED_SELECTOR = YES;
				GCC_WARN_UNINITIALIZED_AUTOS = YES;
				GCC_WARN_UNUSED_FUNCTION = YES;
				GCC_WARN_UNUSED_VARIABLE = YES;
				IPHONEOS_DEPLOYMENT_TARGET = 7.0;
				SDKROOT = iphoneos;
				TARGETED_DEVICE_FAMILY = 2;
				VALIDATE_PRODUCT = YES;
			};
			name = Release;
		};
		036C0FD1183D02AB00C61808 /* Debug */ = {
			isa = XCBuildConfiguration;
			buildSettings = {
				ARCHS = armv7;
				ASSETCATALOG_COMPILER_APPICON_NAME = AppIcon;
				ASSETCATALOG_COMPILER_LAUNCHIMAGE_NAME = LaunchImage;
				GCC_PRECOMPILE_PREFIX_HEADER = YES;
				GCC_PREFIX_HEADER = "BaoLiOA/BaoLiOA-Prefix.pch";
				HEADER_SEARCH_PATHS = (
					"$(inherited)",
					/Applications/Xcode.app/Contents/Developer/Toolchains/XcodeDefault.xctoolchain/usr/include,
					"\"$(SDK_DIR)\"/usr/include/libxml2",
				);
				INFOPLIST_FILE = "BaoLiOA/BaoLiOA-Info.plist";
				LIBRARY_SEARCH_PATHS = (
					"$(inherited)",
					/Users/liufeng/Documents/Build/BaoLiOA/BaoLiOA/Lib/ZipArchive,
					/Users/liufeng/Documents/Build/BaoLiOA/BaoLiOA/Lib/EasyAppVPN,
				);
				PRODUCT_NAME = "$(TARGET_NAME)";
				WRAPPER_EXTENSION = app;
			};
			name = Debug;
		};
		036C0FD2183D02AB00C61808 /* Release */ = {
			isa = XCBuildConfiguration;
			buildSettings = {
				ARCHS = armv7;
				ASSETCATALOG_COMPILER_APPICON_NAME = AppIcon;
				ASSETCATALOG_COMPILER_LAUNCHIMAGE_NAME = LaunchImage;
				GCC_PRECOMPILE_PREFIX_HEADER = YES;
				GCC_PREFIX_HEADER = "BaoLiOA/BaoLiOA-Prefix.pch";
				HEADER_SEARCH_PATHS = (
					"$(inherited)",
					/Applications/Xcode.app/Contents/Developer/Toolchains/XcodeDefault.xctoolchain/usr/include,
					"\"$(SDK_DIR)\"/usr/include/libxml2",
				);
				INFOPLIST_FILE = "BaoLiOA/BaoLiOA-Info.plist";
				LIBRARY_SEARCH_PATHS = (
					"$(inherited)",
					/Users/liufeng/Documents/Build/BaoLiOA/BaoLiOA/Lib/ZipArchive,
					/Users/liufeng/Documents/Build/BaoLiOA/BaoLiOA/Lib/EasyAppVPN,
				);
				PRODUCT_NAME = "$(TARGET_NAME)";
				WRAPPER_EXTENSION = app;
			};
			name = Release;
		};
		036C0FD4183D02AB00C61808 /* Debug */ = {
			isa = XCBuildConfiguration;
			buildSettings = {
				ARCHS = "$(ARCHS_STANDARD_INCLUDING_64_BIT)";
				BUNDLE_LOADER = "$(BUILT_PRODUCTS_DIR)/BaoLiOA.app/BaoLiOA";
				FRAMEWORK_SEARCH_PATHS = (
					"$(SDKROOT)/Developer/Library/Frameworks",
					"$(inherited)",
					"$(DEVELOPER_FRAMEWORKS_DIR)",
				);
				GCC_PRECOMPILE_PREFIX_HEADER = YES;
				GCC_PREFIX_HEADER = "BaoLiOA/BaoLiOA-Prefix.pch";
				GCC_PREPROCESSOR_DEFINITIONS = (
					"DEBUG=1",
					"$(inherited)",
				);
				INFOPLIST_FILE = "BaoLiOATests/BaoLiOATests-Info.plist";
				PRODUCT_NAME = "$(TARGET_NAME)";
				TEST_HOST = "$(BUNDLE_LOADER)";
				WRAPPER_EXTENSION = xctest;
			};
			name = Debug;
		};
		036C0FD5183D02AB00C61808 /* Release */ = {
			isa = XCBuildConfiguration;
			buildSettings = {
				ARCHS = "$(ARCHS_STANDARD_INCLUDING_64_BIT)";
				BUNDLE_LOADER = "$(BUILT_PRODUCTS_DIR)/BaoLiOA.app/BaoLiOA";
				FRAMEWORK_SEARCH_PATHS = (
					"$(SDKROOT)/Developer/Library/Frameworks",
					"$(inherited)",
					"$(DEVELOPER_FRAMEWORKS_DIR)",
				);
				GCC_PRECOMPILE_PREFIX_HEADER = YES;
				GCC_PREFIX_HEADER = "BaoLiOA/BaoLiOA-Prefix.pch";
				INFOPLIST_FILE = "BaoLiOATests/BaoLiOATests-Info.plist";
				PRODUCT_NAME = "$(TARGET_NAME)";
				TEST_HOST = "$(BUNDLE_LOADER)";
				WRAPPER_EXTENSION = xctest;
			};
			name = Release;
		};
/* End XCBuildConfiguration section */

/* Begin XCConfigurationList section */
		036C0F9F183D02AB00C61808 /* Build configuration list for PBXProject "BaoLiOA" */ = {
			isa = XCConfigurationList;
			buildConfigurations = (
				036C0FCE183D02AB00C61808 /* Debug */,
				036C0FCF183D02AB00C61808 /* Release */,
			);
			defaultConfigurationIsVisible = 0;
			defaultConfigurationName = Release;
		};
		036C0FD0183D02AB00C61808 /* Build configuration list for PBXNativeTarget "BaoLiOA" */ = {
			isa = XCConfigurationList;
			buildConfigurations = (
				036C0FD1183D02AB00C61808 /* Debug */,
				036C0FD2183D02AB00C61808 /* Release */,
			);
			defaultConfigurationIsVisible = 0;
			defaultConfigurationName = Release;
		};
		036C0FD3183D02AB00C61808 /* Build configuration list for PBXNativeTarget "BaoLiOATests" */ = {
			isa = XCConfigurationList;
			buildConfigurations = (
				036C0FD4183D02AB00C61808 /* Debug */,
				036C0FD5183D02AB00C61808 /* Release */,
			);
			defaultConfigurationIsVisible = 0;
			defaultConfigurationName = Release;
		};
/* End XCConfigurationList section */
	};
	rootObject = 036C0F9C183D02AB00C61808 /* Project object */;
}
